
Microsoft Visual Studio Solution File, Format Version 12.00
# Visual Studio 2013
VisualStudioVersion = 12.0.31101.0
MinimumVisualStudioVersion = 10.0.40219.1
Project("{FAE04EC0-301F-11D3-BF4B-00C04F79EFBC}") = "WeatherCheck", "WeatherCheck\WeatherCheck\WeatherCheck.csproj", "{0A3A34C9-1E71-4D83-A38C-8A5D2634B26C}"
EndProject
Project("{FAE04EC0-301F-11D3-BF4B-00C04F79EFBC}") = "WeatherCheck.iOS", "WeatherCheck\WeatherCheck.iOS\WeatherCheck.iOS.csproj", "{81E7EE85-E7B0-45E8-84E3-EC645CF7A447}"
EndProject
Project("{FAE04EC0-301F-11D3-BF4B-00C04F79EFBC}") = "WeatherCheck.Droid", "WeatherCheck\WeatherCheck.Droid\WeatherCheck.Droid.csproj", "{B2819443-84BF-44D5-A0EA-33C4AD031DA0}"
EndProject
Project("{FAE04EC0-301F-11D3-BF4B-00C04F79EFBC}") = "WeatherCheck.WinPhone", "WeatherCheck\WeatherCheck.WinPhone\WeatherCheck.WinPhone.csproj", "{2B035840-AB57-441D-A645-0F29ECCCD354}"
EndProject
Project("{FAE04EC0-301F-11D3-BF4B-00C04F79EFBC}") = "WeatherCheck.WinRT", "WeatherCheck.WinRT\WeatherCheck.WinRT.csproj", "{360293A0-DECC-43B4-99B0-F4C06C56CF37}"
EndProject
Global
	GlobalSection(SolutionConfigurationPlatforms) = preSolution
		Ad-Hoc|Any CPU = Ad-Hoc|Any CPU
		Ad-Hoc|ARM = Ad-Hoc|ARM
		Ad-Hoc|iPhone = Ad-Hoc|iPhone
		Ad-Hoc|iPhoneSimulator = Ad-Hoc|iPhoneSimulator
		Ad-Hoc|Mixed Platforms = Ad-Hoc|Mixed Platforms
		Ad-Hoc|x64 = Ad-Hoc|x64
		Ad-Hoc|x86 = Ad-Hoc|x86
		AppStore|Any CPU = AppStore|Any CPU
		AppStore|ARM = AppStore|ARM
		AppStore|iPhone = AppStore|iPhone
		AppStore|iPhoneSimulator = AppStore|iPhoneSimulator
		AppStore|Mixed Platforms = AppStore|Mixed Platforms
		AppStore|x64 = AppStore|x64
		AppStore|x86 = AppStore|x86
		Debug|Any CPU = Debug|Any CPU
		Debug|ARM = Debug|ARM
		Debug|iPhone = Debug|iPhone
		Debug|iPhoneSimulator = Debug|iPhoneSimulator
		Debug|Mixed Platforms = Debug|Mixed Platforms
		Debug|x64 = Debug|x64
		Debug|x86 = Debug|x86
		Release|Any CPU = Release|Any CPU
		Release|ARM = Release|ARM
		Release|iPhone = Release|iPhone
		Release|iPhoneSimulator = Release|iPhoneSimulator
		Release|Mixed Platforms = Release|Mixed Platforms
		Release|x64 = Release|x64
		Release|x86 = Release|x86
	EndGlobalSection
	GlobalSection(ProjectConfigurationPlatforms) = postSolution
		{0A3A34C9-1E71-4D83-A38C-8A5D2634B26C}.Ad-Hoc|Any CPU.ActiveCfg = Release|Any CPU
		{0A3A34C9-1E71-4D83-A38C-8A5D2634B26C}.Ad-Hoc|Any CPU.Build.0 = Release|Any CPU
		{0A3A34C9-1E71-4D83-A38C-8A5D2634B26C}.Ad-Hoc|ARM.ActiveCfg = Release|Any CPU
		{0A3A34C9-1E71-4D83-A38C-8A5D2634B26C}.Ad-Hoc|iPhone.ActiveCfg = Release|Any CPU
		{0A3A34C9-1E71-4D83-A38C-8A5D2634B26C}.Ad-Hoc|iPhoneSimulator.ActiveCfg = Release|Any CPU
		{0A3A34C9-1E71-4D83-A38C-8A5D2634B26C}.Ad-Hoc|Mixed Platforms.ActiveCfg = Release|Any CPU
		{0A3A34C9-1E71-4D83-A38C-8A5D2634B26C}.Ad-Hoc|Mixed Platforms.Build.0 = Release|Any CPU
		{0A3A34C9-1E71-4D83-A38C-8A5D2634B26C}.Ad-Hoc|x64.ActiveCfg = Debug|Any CPU
		{0A3A34C9-1E71-4D83-A38C-8A5D2634B26C}.Ad-Hoc|x86.ActiveCfg = Release|Any CPU
		{0A3A34C9-1E71-4D83-A38C-8A5D2634B26C}.AppStore|Any CPU.ActiveCfg = Release|Any CPU
		{0A3A34C9-1E71-4D83-A38C-8A5D2634B26C}.AppStore|Any CPU.Build.0 = Release|Any CPU
		{0A3A34C9-1E71-4D83-A38C-8A5D2634B26C}.AppStore|ARM.ActiveCfg = Release|Any CPU
		{0A3A34C9-1E71-4D83-A38C-8A5D2634B26C}.AppStore|iPhone.ActiveCfg = Release|Any CPU
		{0A3A34C9-1E71-4D83-A38C-8A5D2634B26C}.AppStore|iPhoneSimulator.ActiveCfg = Release|Any CPU
		{0A3A34C9-1E71-4D83-A38C-8A5D2634B26C}.AppStore|Mixed Platforms.ActiveCfg = Release|Any CPU
		{0A3A34C9-1E71-4D83-A38C-8A5D2634B26C}.AppStore|Mixed Platforms.Build.0 = Release|Any CPU
		{0A3A34C9-1E71-4D83-A38C-8A5D2634B26C}.AppStore|x64.ActiveCfg = Debug|Any CPU
		{0A3A34C9-1E71-4D83-A38C-8A5D2634B26C}.AppStore|x86.ActiveCfg = Release|Any CPU
		{0A3A34C9-1E71-4D83-A38C-8A5D2634B26C}.Debug|Any CPU.ActiveCfg = Debug|Any CPU
		{0A3A34C9-1E71-4D83-A38C-8A5D2634B26C}.Debug|Any CPU.Build.0 = Debug|Any CPU
		{0A3A34C9-1E71-4D83-A38C-8A5D2634B26C}.Debug|ARM.ActiveCfg = Debug|Any CPU
		{0A3A34C9-1E71-4D83-A38C-8A5D2634B26C}.Debug|iPhone.ActiveCfg = Debug|Any CPU
		{0A3A34C9-1E71-4D83-A38C-8A5D2634B26C}.Debug|iPhoneSimulator.ActiveCfg = Debug|Any CPU
		{0A3A34C9-1E71-4D83-A38C-8A5D2634B26C}.Debug|iPhoneSimulator.Build.0 = Debug|Any CPU
		{0A3A34C9-1E71-4D83-A38C-8A5D2634B26C}.Debug|Mixed Platforms.ActiveCfg = Debug|Any CPU
		{0A3A34C9-1E71-4D83-A38C-8A5D2634B26C}.Debug|Mixed Platforms.Build.0 = Debug|Any CPU
		{0A3A34C9-1E71-4D83-A38C-8A5D2634B26C}.Debug|x64.ActiveCfg = Debug|Any CPU
		{0A3A34C9-1E71-4D83-A38C-8A5D2634B26C}.Debug|x86.ActiveCfg = Debug|Any CPU
		{0A3A34C9-1E71-4D83-A38C-8A5D2634B26C}.Release|Any CPU.ActiveCfg = Release|Any CPU
		{0A3A34C9-1E71-4D83-A38C-8A5D2634B26C}.Release|Any CPU.Build.0 = Release|Any CPU
		{0A3A34C9-1E71-4D83-A38C-8A5D2634B26C}.Release|ARM.ActiveCfg = Release|Any CPU
		{0A3A34C9-1E71-4D83-A38C-8A5D2634B26C}.Release|iPhone.ActiveCfg = Release|Any CPU
		{0A3A34C9-1E71-4D83-A38C-8A5D2634B26C}.Release|iPhoneSimulator.ActiveCfg = Release|Any CPU
		{0A3A34C9-1E71-4D83-A38C-8A5D2634B26C}.Release|Mixed Platforms.ActiveCfg = Release|Any CPU
		{0A3A34C9-1E71-4D83-A38C-8A5D2634B26C}.Release|Mixed Platforms.Build.0 = Release|Any CPU
		{0A3A34C9-1E71-4D83-A38C-8A5D2634B26C}.Release|x64.ActiveCfg = Release|Any CPU
		{0A3A34C9-1E71-4D83-A38C-8A5D2634B26C}.Release|x86.ActiveCfg = Release|Any CPU
		{81E7EE85-E7B0-45E8-84E3-EC645CF7A447}.Ad-Hoc|Any CPU.ActiveCfg = Ad-Hoc|iPhone
		{81E7EE85-E7B0-45E8-84E3-EC645CF7A447}.Ad-Hoc|ARM.ActiveCfg = Ad-Hoc|iPhone
		{81E7EE85-E7B0-45E8-84E3-EC645CF7A447}.Ad-Hoc|iPhone.ActiveCfg = Ad-Hoc|iPhone
		{81E7EE85-E7B0-45E8-84E3-EC645CF7A447}.Ad-Hoc|iPhone.Build.0 = Ad-Hoc|iPhone
		{81E7EE85-E7B0-45E8-84E3-EC645CF7A447}.Ad-Hoc|iPhoneSimulator.ActiveCfg = Ad-Hoc|iPhoneSimulator
		{81E7EE85-E7B0-45E8-84E3-EC645CF7A447}.Ad-Hoc|iPhoneSimulator.Build.0 = Ad-Hoc|iPhoneSimulator
		{81E7EE85-E7B0-45E8-84E3-EC645CF7A447}.Ad-Hoc|Mixed Platforms.ActiveCfg = Ad-Hoc|iPhone
		{81E7EE85-E7B0-45E8-84E3-EC645CF7A447}.Ad-Hoc|Mixed Platforms.Build.0 = Ad-Hoc|iPhone
		{81E7EE85-E7B0-45E8-84E3-EC645CF7A447}.Ad-Hoc|x64.ActiveCfg = Ad-Hoc|iPhoneSimulator
		{81E7EE85-E7B0-45E8-84E3-EC645CF7A447}.Ad-Hoc|x86.ActiveCfg = Ad-Hoc|iPhone
		{81E7EE85-E7B0-45E8-84E3-EC645CF7A447}.AppStore|Any CPU.ActiveCfg = AppStore|iPhone
		{81E7EE85-E7B0-45E8-84E3-EC645CF7A447}.AppStore|ARM.ActiveCfg = AppStore|iPhone
		{81E7EE85-E7B0-45E8-84E3-EC645CF7A447}.AppStore|iPhone.ActiveCfg = AppStore|iPhone
		{81E7EE85-E7B0-45E8-84E3-EC645CF7A447}.AppStore|iPhone.Build.0 = AppStore|iPhone
		{81E7EE85-E7B0-45E8-84E3-EC645CF7A447}.AppStore|iPhoneSimulator.ActiveCfg = AppStore|iPhoneSimulator
		{81E7EE85-E7B0-45E8-84E3-EC645CF7A447}.AppStore|iPhoneSimulator.Build.0 = AppStore|iPhoneSimulator
		{81E7EE85-E7B0-45E8-84E3-EC645CF7A447}.AppStore|Mixed Platforms.ActiveCfg = AppStore|iPhone
		{81E7EE85-E7B0-45E8-84E3-EC645CF7A447}.AppStore|Mixed Platforms.Build.0 = AppStore|iPhone
		{81E7EE85-E7B0-45E8-84E3-EC645CF7A447}.AppStore|x64.ActiveCfg = AppStore|iPhoneSimulator
		{81E7EE85-E7B0-45E8-84E3-EC645CF7A447}.AppStore|x86.ActiveCfg = AppStore|iPhone
		{81E7EE85-E7B0-45E8-84E3-EC645CF7A447}.Debug|Any CPU.ActiveCfg = Debug|iPhoneSimulator
		{81E7EE85-E7B0-45E8-84E3-EC645CF7A447}.Debug|Any CPU.Build.0 = Debug|iPhoneSimulator
		{81E7EE85-E7B0-45E8-84E3-EC645CF7A447}.Debug|ARM.ActiveCfg = Debug|iPhone
		{81E7EE85-E7B0-45E8-84E3-EC645CF7A447}.Debug|iPhone.ActiveCfg = Debug|iPhone
		{81E7EE85-E7B0-45E8-84E3-EC645CF7A447}.Debug|iPhone.Build.0 = Debug|iPhone
		{81E7EE85-E7B0-45E8-84E3-EC645CF7A447}.Debug|iPhoneSimulator.ActiveCfg = Debug|iPhoneSimulator
		{81E7EE85-E7B0-45E8-84E3-EC645CF7A447}.Debug|iPhoneSimulator.Build.0 = Debug|iPhoneSimulator
		{81E7EE85-E7B0-45E8-84E3-EC645CF7A447}.Debug|Mixed Platforms.ActiveCfg = Debug|iPhone
		{81E7EE85-E7B0-45E8-84E3-EC645CF7A447}.Debug|Mixed Platforms.Build.0 = Debug|iPhone
		{81E7EE85-E7B0-45E8-84E3-EC645CF7A447}.Debug|x64.ActiveCfg = Debug|iPhoneSimulator
		{81E7EE85-E7B0-45E8-84E3-EC645CF7A447}.Debug|x86.ActiveCfg = Debug|iPhone
		{81E7EE85-E7B0-45E8-84E3-EC645CF7A447}.Release|Any CPU.ActiveCfg = Release|iPhone
		{81E7EE85-E7B0-45E8-84E3-EC645CF7A447}.Release|ARM.ActiveCfg = Release|iPhone
		{81E7EE85-E7B0-45E8-84E3-EC645CF7A447}.Release|iPhone.ActiveCfg = Release|iPhone
		{81E7EE85-E7B0-45E8-84E3-EC645CF7A447}.Release|iPhone.Build.0 = Release|iPhone
		{81E7EE85-E7B0-45E8-84E3-EC645CF7A447}.Release|iPhoneSimulator.ActiveCfg = Release|iPhoneSimulator
		{81E7EE85-E7B0-45E8-84E3-EC645CF7A447}.Release|iPhoneSimulator.Build.0 = Release|iPhoneSimulator
		{81E7EE85-E7B0-45E8-84E3-EC645CF7A447}.Release|Mixed Platforms.ActiveCfg = Release|iPhone
		{81E7EE85-E7B0-45E8-84E3-EC645CF7A447}.Release|Mixed Platforms.Build.0 = Release|iPhone
		{81E7EE85-E7B0-45E8-84E3-EC645CF7A447}.Release|x64.ActiveCfg = Release|iPhoneSimulator
		{81E7EE85-E7B0-45E8-84E3-EC645CF7A447}.Release|x86.ActiveCfg = Release|iPhone
		{B2819443-84BF-44D5-A0EA-33C4AD031DA0}.Ad-Hoc|Any CPU.ActiveCfg = Release|Any CPU
		{B2819443-84BF-44D5-A0EA-33C4AD031DA0}.Ad-Hoc|Any CPU.Build.0 = Release|Any CPU
		{B2819443-84BF-44D5-A0EA-33C4AD031DA0}.Ad-Hoc|Any CPU.Deploy.0 = Release|Any CPU
		{B2819443-84BF-44D5-A0EA-33C4AD031DA0}.Ad-Hoc|ARM.ActiveCfg = Release|Any CPU
		{B2819443-84BF-44D5-A0EA-33C4AD031DA0}.Ad-Hoc|iPhone.ActiveCfg = Release|Any CPU
		{B2819443-84BF-44D5-A0EA-33C4AD031DA0}.Ad-Hoc|iPhoneSimulator.ActiveCfg = Release|Any CPU
		{B2819443-84BF-44D5-A0EA-33C4AD031DA0}.Ad-Hoc|Mixed Platforms.ActiveCfg = Release|Any CPU
		{B2819443-84BF-44D5-A0EA-33C4AD031DA0}.Ad-Hoc|Mixed Platforms.Build.0 = Release|Any CPU
		{B2819443-84BF-44D5-A0EA-33C4AD031DA0}.Ad-Hoc|Mixed Platforms.Deploy.0 = Release|Any CPU
		{B2819443-84BF-44D5-A0EA-33C4AD031DA0}.Ad-Hoc|x64.ActiveCfg = Debug|Any CPU
		{B2819443-84BF-44D5-A0EA-33C4AD031DA0}.Ad-Hoc|x86.ActiveCfg = Release|Any CPU
		{B2819443-84BF-44D5-A0EA-33C4AD031DA0}.AppStore|Any CPU.ActiveCfg = Release|Any CPU
		{B2819443-84BF-44D5-A0EA-33C4AD031DA0}.AppStore|Any CPU.Build.0 = Release|Any CPU
		{B2819443-84BF-44D5-A0EA-33C4AD031DA0}.AppStore|Any CPU.Deploy.0 = Release|Any CPU
		{B2819443-84BF-44D5-A0EA-33C4AD031DA0}.AppStore|ARM.ActiveCfg = Release|Any CPU
		{B2819443-84BF-44D5-A0EA-33C4AD031DA0}.AppStore|iPhone.ActiveCfg = Release|Any CPU
		{B2819443-84BF-44D5-A0EA-33C4AD031DA0}.AppStore|iPhoneSimulator.ActiveCfg = Release|Any CPU
		{B2819443-84BF-44D5-A0EA-33C4AD031DA0}.AppStore|Mixed Platforms.ActiveCfg = Release|Any CPU
		{B2819443-84BF-44D5-A0EA-33C4AD031DA0}.AppStore|Mixed Platforms.Build.0 = Release|Any CPU
		{B2819443-84BF-44D5-A0EA-33C4AD031DA0}.AppStore|Mixed Platforms.Deploy.0 = Release|Any CPU
		{B2819443-84BF-44D5-A0EA-33C4AD031DA0}.AppStore|x64.ActiveCfg = Debug|Any CPU
		{B2819443-84BF-44D5-A0EA-33C4AD031DA0}.AppStore|x86.ActiveCfg = Release|Any CPU
		{B2819443-84BF-44D5-A0EA-33C4AD031DA0}.Debug|Any CPU.ActiveCfg = Debug|Any CPU
		{B2819443-84BF-44D5-A0EA-33C4AD031DA0}.Debug|Any CPU.Build.0 = Debug|Any CPU
		{B2819443-84BF-44D5-A0EA-33C4AD031DA0}.Debug|Any CPU.Deploy.0 = Debug|Any CPU
		{B2819443-84BF-44D5-A0EA-33C4AD031DA0}.Debug|ARM.ActiveCfg = Debug|Any CPU
		{B2819443-84BF-44D5-A0EA-33C4AD031DA0}.Debug|iPhone.ActiveCfg = Debug|Any CPU
		{B2819443-84BF-44D5-A0EA-33C4AD031DA0}.Debug|iPhoneSimulator.ActiveCfg = Debug|Any CPU
		{B2819443-84BF-44D5-A0EA-33C4AD031DA0}.Debug|iPhoneSimulator.Build.0 = Debug|Any CPU
		{B2819443-84BF-44D5-A0EA-33C4AD031DA0}.Debug|Mixed Platforms.ActiveCfg = Debug|Any CPU
		{B2819443-84BF-44D5-A0EA-33C4AD031DA0}.Debug|Mixed Platforms.Build.0 = Debug|Any CPU
		{B2819443-84BF-44D5-A0EA-33C4AD031DA0}.Debug|Mixed Platforms.Deploy.0 = Debug|Any CPU
		{B2819443-84BF-44D5-A0EA-33C4AD031DA0}.Debug|x64.ActiveCfg = Debug|Any CPU
		{B2819443-84BF-44D5-A0EA-33C4AD031DA0}.Debug|x86.ActiveCfg = Debug|Any CPU
		{B2819443-84BF-44D5-A0EA-33C4AD031DA0}.Release|Any CPU.ActiveCfg = Release|Any CPU
		{B2819443-84BF-44D5-A0EA-33C4AD031DA0}.Release|Any CPU.Build.0 = Release|Any CPU
		{B2819443-84BF-44D5-A0EA-33C4AD031DA0}.Release|Any CPU.Deploy.0 = Release|Any CPU
		{B2819443-84BF-44D5-A0EA-33C4AD031DA0}.Release|ARM.ActiveCfg = Release|Any CPU
		{B2819443-84BF-44D5-A0EA-33C4AD031DA0}.Release|iPhone.ActiveCfg = Release|Any CPU
		{B2819443-84BF-44D5-A0EA-33C4AD031DA0}.Release|iPhoneSimulator.ActiveCfg = Release|Any CPU
		{B2819443-84BF-44D5-A0EA-33C4AD031DA0}.Release|Mixed Platforms.ActiveCfg = Release|Any CPU
		{B2819443-84BF-44D5-A0EA-33C4AD031DA0}.Release|Mixed Platforms.Build.0 = Release|Any CPU
		{B2819443-84BF-44D5-A0EA-33C4AD031DA0}.Release|Mixed Platforms.Deploy.0 = Release|Any CPU
		{B2819443-84BF-44D5-A0EA-33C4AD031DA0}.Release|x64.ActiveCfg = Release|Any CPU
		{B2819443-84BF-44D5-A0EA-33C4AD031DA0}.Release|x86.ActiveCfg = Release|Any CPU
		{2B035840-AB57-441D-A645-0F29ECCCD354}.Ad-Hoc|Any CPU.ActiveCfg = Release|Any CPU
		{2B035840-AB57-441D-A645-0F29ECCCD354}.Ad-Hoc|Any CPU.Build.0 = Release|Any CPU
		{2B035840-AB57-441D-A645-0F29ECCCD354}.Ad-Hoc|Any CPU.Deploy.0 = Release|Any CPU
		{2B035840-AB57-441D-A645-0F29ECCCD354}.Ad-Hoc|ARM.ActiveCfg = Release|ARM
		{2B035840-AB57-441D-A645-0F29ECCCD354}.Ad-Hoc|ARM.Build.0 = Release|ARM
		{2B035840-AB57-441D-A645-0F29ECCCD354}.Ad-Hoc|ARM.Deploy.0 = Release|ARM
		{2B035840-AB57-441D-A645-0F29ECCCD354}.Ad-Hoc|iPhone.ActiveCfg = Release|Any CPU
		{2B035840-AB57-441D-A645-0F29ECCCD354}.Ad-Hoc|iPhoneSimulator.ActiveCfg = Release|Any CPU
		{2B035840-AB57-441D-A645-0F29ECCCD354}.Ad-Hoc|Mixed Platforms.ActiveCfg = Release|x86
		{2B035840-AB57-441D-A645-0F29ECCCD354}.Ad-Hoc|Mixed Platforms.Build.0 = Release|x86
		{2B035840-AB57-441D-A645-0F29ECCCD354}.Ad-Hoc|Mixed Platforms.Deploy.0 = Release|x86
		{2B035840-AB57-441D-A645-0F29ECCCD354}.Ad-Hoc|x64.ActiveCfg = Debug|Any CPU
		{2B035840-AB57-441D-A645-0F29ECCCD354}.Ad-Hoc|x86.ActiveCfg = Release|x86
		{2B035840-AB57-441D-A645-0F29ECCCD354}.Ad-Hoc|x86.Build.0 = Release|x86
		{2B035840-AB57-441D-A645-0F29ECCCD354}.Ad-Hoc|x86.Deploy.0 = Release|x86
		{2B035840-AB57-441D-A645-0F29ECCCD354}.AppStore|Any CPU.ActiveCfg = Release|Any CPU
		{2B035840-AB57-441D-A645-0F29ECCCD354}.AppStore|Any CPU.Build.0 = Release|Any CPU
		{2B035840-AB57-441D-A645-0F29ECCCD354}.AppStore|Any CPU.Deploy.0 = Release|Any CPU
		{2B035840-AB57-441D-A645-0F29ECCCD354}.AppStore|ARM.ActiveCfg = Release|ARM
		{2B035840-AB57-441D-A645-0F29ECCCD354}.AppStore|ARM.Build.0 = Release|ARM
		{2B035840-AB57-441D-A645-0F29ECCCD354}.AppStore|ARM.Deploy.0 = Release|ARM
		{2B035840-AB57-441D-A645-0F29ECCCD354}.AppStore|iPhone.ActiveCfg = Release|Any CPU
		{2B035840-AB57-441D-A645-0F29ECCCD354}.AppStore|iPhoneSimulator.ActiveCfg = Release|Any CPU
		{2B035840-AB57-441D-A645-0F29ECCCD354}.AppStore|Mixed Platforms.ActiveCfg = Release|x86
		{2B035840-AB57-441D-A645-0F29ECCCD354}.AppStore|Mixed Platforms.Build.0 = Release|x86
		{2B035840-AB57-441D-A645-0F29ECCCD354}.AppStore|Mixed Platforms.Deploy.0 = Release|x86
		{2B035840-AB57-441D-A645-0F29ECCCD354}.AppStore|x64.ActiveCfg = Debug|Any CPU
		{2B035840-AB57-441D-A645-0F29ECCCD354}.AppStore|x86.ActiveCfg = Release|x86
		{2B035840-AB57-441D-A645-0F29ECCCD354}.AppStore|x86.Build.0 = Release|x86
		{2B035840-AB57-441D-A645-0F29ECCCD354}.AppStore|x86.Deploy.0 = Release|x86
		{2B035840-AB57-441D-A645-0F29ECCCD354}.Debug|Any CPU.ActiveCfg = Debug|Any CPU
		{2B035840-AB57-441D-A645-0F29ECCCD354}.Debug|Any CPU.Build.0 = Debug|Any CPU
		{2B035840-AB57-441D-A645-0F29ECCCD354}.Debug|Any CPU.Deploy.0 = Debug|Any CPU
		{2B035840-AB57-441D-A645-0F29ECCCD354}.Debug|ARM.ActiveCfg = Debug|ARM
		{2B035840-AB57-441D-A645-0F29ECCCD354}.Debug|ARM.Build.0 = Debug|ARM
		{2B035840-AB57-441D-A645-0F29ECCCD354}.Debug|ARM.Deploy.0 = Debug|ARM
		{2B035840-AB57-441D-A645-0F29ECCCD354}.Debug|iPhone.ActiveCfg = Debug|Any CPU
		{2B035840-AB57-441D-A645-0F29ECCCD354}.Debug|iPhoneSimulator.ActiveCfg = Debug|Any CPU
		{2B035840-AB57-441D-A645-0F29ECCCD354}.Debug|iPhoneSimulator.Build.0 = Debug|Any CPU
		{2B035840-AB57-441D-A645-0F29ECCCD354}.Debug|Mixed Platforms.ActiveCfg = Debug|x86
		{2B035840-AB57-441D-A645-0F29ECCCD354}.Debug|Mixed Platforms.Build.0 = Debug|x86
		{2B035840-AB57-441D-A645-0F29ECCCD354}.Debug|Mixed Platforms.Deploy.0 = Debug|x86
		{2B035840-AB57-441D-A645-0F29ECCCD354}.Debug|x64.ActiveCfg = Debug|Any CPU
		{2B035840-AB57-441D-A645-0F29ECCCD354}.Debug|x86.ActiveCfg = Debug|x86
		{2B035840-AB57-441D-A645-0F29ECCCD354}.Debug|x86.Build.0 = Debug|x86
		{2B035840-AB57-441D-A645-0F29ECCCD354}.Debug|x86.Deploy.0 = Debug|x86
		{2B035840-AB57-441D-A645-0F29ECCCD354}.Release|Any CPU.ActiveCfg = Release|Any CPU
		{2B035840-AB57-441D-A645-0F29ECCCD354}.Release|Any CPU.Build.0 = Release|Any CPU
		{2B035840-AB57-441D-A645-0F29ECCCD354}.Release|Any CPU.Deploy.0 = Release|Any CPU
		{2B035840-AB57-441D-A645-0F29ECCCD354}.Release|ARM.ActiveCfg = Release|ARM
		{2B035840-AB57-441D-A645-0F29ECCCD354}.Release|ARM.Build.0 = Release|ARM
		{2B035840-AB57-441D-A645-0F29ECCCD354}.Release|ARM.Deploy.0 = Release|ARM
		{2B035840-AB57-441D-A645-0F29ECCCD354}.Release|iPhone.ActiveCfg = Release|Any CPU
		{2B035840-AB57-441D-A645-0F29ECCCD354}.Release|iPhoneSimulator.ActiveCfg = Release|Any CPU
		{2B035840-AB57-441D-A645-0F29ECCCD354}.Release|Mixed Platforms.ActiveCfg = Release|x86
		{2B035840-AB57-441D-A645-0F29ECCCD354}.Release|Mixed Platforms.Build.0 = Release|x86
		{2B035840-AB57-441D-A645-0F29ECCCD354}.Release|Mixed Platforms.Deploy.0 = Release|x86
		{2B035840-AB57-441D-A645-0F29ECCCD354}.Release|x64.ActiveCfg = Release|Any CPU
		{2B035840-AB57-441D-A645-0F29ECCCD354}.Release|x86.ActiveCfg = Release|x86
		{2B035840-AB57-441D-A645-0F29ECCCD354}.Release|x86.Build.0 = Release|x86
		{2B035840-AB57-441D-A645-0F29ECCCD354}.Release|x86.Deploy.0 = Release|x86
		{360293A0-DECC-43B4-99B0-F4C06C56CF37}.Ad-Hoc|Any CPU.ActiveCfg = Release|Any CPU
		{360293A0-DECC-43B4-99B0-F4C06C56CF37}.Ad-Hoc|Any CPU.Build.0 = Release|Any CPU
		{360293A0-DECC-43B4-99B0-F4C06C56CF37}.Ad-Hoc|Any CPU.Deploy.0 = Release|Any CPU
		{360293A0-DECC-43B4-99B0-F4C06C56CF37}.Ad-Hoc|ARM.ActiveCfg = Release|ARM
		{360293A0-DECC-43B4-99B0-F4C06C56CF37}.Ad-Hoc|ARM.Build.0 = Release|ARM
		{360293A0-DECC-43B4-99B0-F4C06C56CF37}.Ad-Hoc|ARM.Deploy.0 = Release|ARM
		{360293A0-DECC-43B4-99B0-F4C06C56CF37}.Ad-Hoc|iPhone.ActiveCfg = Release|Any CPU
		{360293A0-DECC-43B4-99B0-F4C06C56CF37}.Ad-Hoc|iPhoneSimulator.ActiveCfg = Release|Any CPU
		{360293A0-DECC-43B4-99B0-F4C06C56CF37}.Ad-Hoc|Mixed Platforms.ActiveCfg = Release|x86
		{360293A0-DECC-43B4-99B0-F4C06C56CF37}.Ad-Hoc|Mixed Platforms.Build.0 = Release|x86
		{360293A0-DECC-43B4-99B0-F4C06C56CF37}.Ad-Hoc|Mixed Platforms.Deploy.0 = Release|x86
		{360293A0-DECC-43B4-99B0-F4C06C56CF37}.Ad-Hoc|x64.ActiveCfg = Release|x64
		{360293A0-DECC-43B4-99B0-F4C06C56CF37}.Ad-Hoc|x64.Build.0 = Release|x64
		{360293A0-DECC-43B4-99B0-F4C06C56CF37}.Ad-Hoc|x64.Deploy.0 = Release|x64
		{360293A0-DECC-43B4-99B0-F4C06C56CF37}.Ad-Hoc|x86.ActiveCfg = Release|x86
		{360293A0-DECC-43B4-99B0-F4C06C56CF37}.Ad-Hoc|x86.Build.0 = Release|x86
		{360293A0-DECC-43B4-99B0-F4C06C56CF37}.Ad-Hoc|x86.Deploy.0 = Release|x86
		{360293A0-DECC-43B4-99B0-F4C06C56CF37}.AppStore|Any CPU.ActiveCfg = Release|Any CPU
		{360293A0-DECC-43B4-99B0-F4C06C56CF37}.AppStore|Any CPU.Build.0 = Release|Any CPU
		{360293A0-DECC-43B4-99B0-F4C06C56CF37}.AppStore|Any CPU.Deploy.0 = Release|Any CPU
		{360293A0-DECC-43B4-99B0-F4C06C56CF37}.AppStore|ARM.ActiveCfg = Release|ARM
		{360293A0-DECC-43B4-99B0-F4C06C56CF37}.AppStore|ARM.Build.0 = Release|ARM
		{360293A0-DECC-43B4-99B0-F4C06C56CF37}.AppStore|ARM.Deploy.0 = Release|ARM
		{360293A0-DECC-43B4-99B0-F4C06C56CF37}.AppStore|iPhone.ActiveCfg = Release|Any CPU
		{360293A0-DECC-43B4-99B0-F4C06C56CF37}.AppStore|iPhoneSimulator.ActiveCfg = Release|Any CPU
		{360293A0-DECC-43B4-99B0-F4C06C56CF37}.AppStore|Mixed Platforms.ActiveCfg = Release|x86
		{360293A0-DECC-43B4-99B0-F4C06C56CF37}.AppStore|Mixed Platforms.Build.0 = Release|x86
		{360293A0-DECC-43B4-99B0-F4C06C56CF37}.AppStore|Mixed Platforms.Deploy.0 = Release|x86
		{360293A0-DECC-43B4-99B0-F4C06C56CF37}.AppStore|x64.ActiveCfg = Release|x64
		{360293A0-DECC-43B4-99B0-F4C06C56CF37}.AppStore|x64.Build.0 = Release|x64
		{360293A0-DECC-43B4-99B0-F4C06C56CF37}.AppStore|x64.Deploy.0 = Release|x64
		{360293A0-DECC-43B4-99B0-F4C06C56CF37}.AppStore|x86.ActiveCfg = Release|x86
		{360293A0-DECC-43B4-99B0-F4C06C56CF37}.AppStore|x86.Build.0 = Release|x86
		{360293A0-DECC-43B4-99B0-F4C06C56CF37}.AppStore|x86.Deploy.0 = Release|x86
		{360293A0-DECC-43B4-99B0-F4C06C56CF37}.Debug|Any CPU.ActiveCfg = Debug|Any CPU
		{360293A0-DECC-43B4-99B0-F4C06C56CF37}.Debug|Any CPU.Build.0 = Debug|Any CPU
		{360293A0-DECC-43B4-99B0-F4C06C56CF37}.Debug|Any CPU.Deploy.0 = Debug|Any CPU
		{360293A0-DECC-43B4-99B0-F4C06C56CF37}.Debug|ARM.ActiveCfg = Debug|ARM
		{360293A0-DECC-43B4-99B0-F4C06C56CF37}.Debug|ARM.Build.0 = Debug|ARM
		{360293A0-DECC-43B4-99B0-F4C06C56CF37}.Debug|ARM.Deploy.0 = Debug|ARM
		{360293A0-DECC-43B4-99B0-F4C06C56CF37}.Debug|iPhone.ActiveCfg = Debug|Any CPU
		{360293A0-DECC-43B4-99B0-F4C06C56CF37}.Debug|iPhoneSimulator.ActiveCfg = Debug|Any CPU
		{360293A0-DECC-43B4-99B0-F4C06C56CF37}.Debug|Mixed Platforms.ActiveCfg = Debug|x86
		{360293A0-DECC-43B4-99B0-F4C06C56CF37}.Debug|Mixed Platforms.Build.0 = Debug|x86
		{360293A0-DECC-43B4-99B0-F4C06C56CF37}.Debug|Mixed Platforms.Deploy.0 = Debug|x86
		{360293A0-DECC-43B4-99B0-F4C06C56CF37}.Debug|x64.ActiveCfg = Debug|x64
		{360293A0-DECC-43B4-99B0-F4C06C56CF37}.Debug|x64.Build.0 = Debug|x64
		{360293A0-DECC-43B4-99B0-F4C06C56CF37}.Debug|x64.Deploy.0 = Debug|x64
		{360293A0-DECC-43B4-99B0-F4C06C56CF37}.Debug|x86.ActiveCfg = Debug|x86
		{360293A0-DECC-43B4-99B0-F4C06C56CF37}.Debug|x86.Build.0 = Debug|x86
		{360293A0-DECC-43B4-99B0-F4C06C56CF37}.Debug|x86.Deploy.0 = Debug|x86
		{360293A0-DECC-43B4-99B0-F4C06C56CF37}.Release|Any CPU.ActiveCfg = Release|Any CPU
		{360293A0-DECC-43B4-99B0-F4C06C56CF37}.Release|Any CPU.Build.0 = Release|Any CPU
		{360293A0-DECC-43B4-99B0-F4C06C56CF37}.Release|Any CPU.Deploy.0 = Release|Any CPU
		{360293A0-DECC-43B4-99B0-F4C06C56CF37}.Release|ARM.ActiveCfg = Release|ARM
		{360293A0-DECC-43B4-99B0-F4C06C56CF37}.Release|ARM.Build.0 = Release|ARM
		{360293A0-DECC-43B4-99B0-F4C06C56CF37}.Release|ARM.Deploy.0 = Release|ARM
		{360293A0-DECC-43B4-99B0-F4C06C56CF37}.Release|iPhone.ActiveCfg = Release|Any CPU
		{360293A0-DECC-43B4-99B0-F4C06C56CF37}.Release|iPhoneSimulator.ActiveCfg = Release|Any CPU
		{360293A0-DECC-43B4-99B0-F4C06C56CF37}.Release|Mixed Platforms.ActiveCfg = Release|x86
		{360293A0-DECC-43B4-99B0-F4C06C56CF37}.Release|Mixed Platforms.Build.0 = Release|x86
		{360293A0-DECC-43B4-99B0-F4C06C56CF37}.Release|Mixed Platforms.Deploy.0 = Release|x86
		{360293A0-DECC-43B4-99B0-F4C06C56CF37}.Release|x64.ActiveCfg = Release|x64
		{360293A0-DECC-43B4-99B0-F4C06C56CF37}.Release|x64.Build.0 = Release|x64
		{360293A0-DECC-43B4-99B0-F4C06C56CF37}.Release|x64.Deploy.0 = Release|x64
		{360293A0-DECC-43B4-99B0-F4C06C56CF37}.Release|x86.ActiveCfg = Release|x86
		{360293A0-DECC-43B4-99B0-F4C06C56CF37}.Release|x86.Build.0 = Release|x86
		{360293A0-DECC-43B4-99B0-F4C06C56CF37}.Release|x86.Deploy.0 = Release|x86
	EndGlobalSection
	GlobalSection(SolutionProperties) = preSolution
		HideSolutionNode = FALSE
	EndGlobalSection
EndGlobal
