
Microsoft Visual Studio Solution File, Format Version 12.00
# Visual Studio 2013
VisualStudioVersion = 12.0.31101.0
MinimumVisualStudioVersion = 10.0.40219.1
Project("{FAE04EC0-301F-11D3-BF4B-00C04F79EFBC}") = "SignalRChatBox", "SignalRChatBox\SignalRChatBox\SignalRChatBox.csproj", "{6C4AE04A-5B84-4ABF-AB15-6CBFD6EF2110}"
EndProject
Project("{FAE04EC0-301F-11D3-BF4B-00C04F79EFBC}") = "SignalRChatBox.iOS", "SignalRChatBox\SignalRChatBox.iOS\SignalRChatBox.iOS.csproj", "{419382BE-8561-4D7F-9DDE-7CF64992E560}"
EndProject
Project("{FAE04EC0-301F-11D3-BF4B-00C04F79EFBC}") = "SignalRChatBox.Droid", "SignalRChatBox\SignalRChatBox.Droid\SignalRChatBox.Droid.csproj", "{608356DF-3076-4B3E-A363-4F4E1E6A335F}"
EndProject
Project("{FAE04EC0-301F-11D3-BF4B-00C04F79EFBC}") = "SignalRChatBox.WinPhone", "SignalRChatBox\SignalRChatBox.WinPhone\SignalRChatBox.WinPhone.csproj", "{65686C58-216B-434C-8A0A-2EE39C67D9AD}"
EndProject
Project("{FAE04EC0-301F-11D3-BF4B-00C04F79EFBC}") = "SignalRChat", "SignalRChat\SignalRChat.csproj", "{5E35FE6D-2AF0-4F7D-80E4-7187F7E40D37}"
EndProject
Global
	GlobalSection(SolutionConfigurationPlatforms) = preSolution
		Ad-Hoc|Any CPU = Ad-Hoc|Any CPU
		Ad-Hoc|ARM = Ad-Hoc|ARM
		Ad-Hoc|iPhone = Ad-Hoc|iPhone
		Ad-Hoc|iPhoneSimulator = Ad-Hoc|iPhoneSimulator
		Ad-Hoc|Mixed Platforms = Ad-Hoc|Mixed Platforms
		Ad-Hoc|x86 = Ad-Hoc|x86
		AppStore|Any CPU = AppStore|Any CPU
		AppStore|ARM = AppStore|ARM
		AppStore|iPhone = AppStore|iPhone
		AppStore|iPhoneSimulator = AppStore|iPhoneSimulator
		AppStore|Mixed Platforms = AppStore|Mixed Platforms
		AppStore|x86 = AppStore|x86
		Debug|Any CPU = Debug|Any CPU
		Debug|ARM = Debug|ARM
		Debug|iPhone = Debug|iPhone
		Debug|iPhoneSimulator = Debug|iPhoneSimulator
		Debug|Mixed Platforms = Debug|Mixed Platforms
		Debug|x86 = Debug|x86
		Release|Any CPU = Release|Any CPU
		Release|ARM = Release|ARM
		Release|iPhone = Release|iPhone
		Release|iPhoneSimulator = Release|iPhoneSimulator
		Release|Mixed Platforms = Release|Mixed Platforms
		Release|x86 = Release|x86
	EndGlobalSection
	GlobalSection(ProjectConfigurationPlatforms) = postSolution
		{6C4AE04A-5B84-4ABF-AB15-6CBFD6EF2110}.Ad-Hoc|Any CPU.ActiveCfg = Release|Any CPU
		{6C4AE04A-5B84-4ABF-AB15-6CBFD6EF2110}.Ad-Hoc|Any CPU.Build.0 = Release|Any CPU
		{6C4AE04A-5B84-4ABF-AB15-6CBFD6EF2110}.Ad-Hoc|ARM.ActiveCfg = Release|Any CPU
		{6C4AE04A-5B84-4ABF-AB15-6CBFD6EF2110}.Ad-Hoc|iPhone.ActiveCfg = Release|Any CPU
		{6C4AE04A-5B84-4ABF-AB15-6CBFD6EF2110}.Ad-Hoc|iPhoneSimulator.ActiveCfg = Release|Any CPU
		{6C4AE04A-5B84-4ABF-AB15-6CBFD6EF2110}.Ad-Hoc|Mixed Platforms.ActiveCfg = Release|Any CPU
		{6C4AE04A-5B84-4ABF-AB15-6CBFD6EF2110}.Ad-Hoc|Mixed Platforms.Build.0 = Release|Any CPU
		{6C4AE04A-5B84-4ABF-AB15-6CBFD6EF2110}.Ad-Hoc|x86.ActiveCfg = Release|Any CPU
		{6C4AE04A-5B84-4ABF-AB15-6CBFD6EF2110}.AppStore|Any CPU.ActiveCfg = Release|Any CPU
		{6C4AE04A-5B84-4ABF-AB15-6CBFD6EF2110}.AppStore|Any CPU.Build.0 = Release|Any CPU
		{6C4AE04A-5B84-4ABF-AB15-6CBFD6EF2110}.AppStore|ARM.ActiveCfg = Release|Any CPU
		{6C4AE04A-5B84-4ABF-AB15-6CBFD6EF2110}.AppStore|iPhone.ActiveCfg = Release|Any CPU
		{6C4AE04A-5B84-4ABF-AB15-6CBFD6EF2110}.AppStore|iPhoneSimulator.ActiveCfg = Release|Any CPU
		{6C4AE04A-5B84-4ABF-AB15-6CBFD6EF2110}.AppStore|Mixed Platforms.ActiveCfg = Release|Any CPU
		{6C4AE04A-5B84-4ABF-AB15-6CBFD6EF2110}.AppStore|Mixed Platforms.Build.0 = Release|Any CPU
		{6C4AE04A-5B84-4ABF-AB15-6CBFD6EF2110}.AppStore|x86.ActiveCfg = Release|Any CPU
		{6C4AE04A-5B84-4ABF-AB15-6CBFD6EF2110}.Debug|Any CPU.ActiveCfg = Debug|Any CPU
		{6C4AE04A-5B84-4ABF-AB15-6CBFD6EF2110}.Debug|Any CPU.Build.0 = Debug|Any CPU
		{6C4AE04A-5B84-4ABF-AB15-6CBFD6EF2110}.Debug|ARM.ActiveCfg = Debug|Any CPU
		{6C4AE04A-5B84-4ABF-AB15-6CBFD6EF2110}.Debug|iPhone.ActiveCfg = Debug|Any CPU
		{6C4AE04A-5B84-4ABF-AB15-6CBFD6EF2110}.Debug|iPhoneSimulator.ActiveCfg = Debug|Any CPU
		{6C4AE04A-5B84-4ABF-AB15-6CBFD6EF2110}.Debug|iPhoneSimulator.Build.0 = Debug|Any CPU
		{6C4AE04A-5B84-4ABF-AB15-6CBFD6EF2110}.Debug|Mixed Platforms.ActiveCfg = Debug|Any CPU
		{6C4AE04A-5B84-4ABF-AB15-6CBFD6EF2110}.Debug|Mixed Platforms.Build.0 = Debug|Any CPU
		{6C4AE04A-5B84-4ABF-AB15-6CBFD6EF2110}.Debug|x86.ActiveCfg = Debug|Any CPU
		{6C4AE04A-5B84-4ABF-AB15-6CBFD6EF2110}.Release|Any CPU.ActiveCfg = Release|Any CPU
		{6C4AE04A-5B84-4ABF-AB15-6CBFD6EF2110}.Release|Any CPU.Build.0 = Release|Any CPU
		{6C4AE04A-5B84-4ABF-AB15-6CBFD6EF2110}.Release|ARM.ActiveCfg = Release|Any CPU
		{6C4AE04A-5B84-4ABF-AB15-6CBFD6EF2110}.Release|iPhone.ActiveCfg = Release|Any CPU
		{6C4AE04A-5B84-4ABF-AB15-6CBFD6EF2110}.Release|iPhoneSimulator.ActiveCfg = Release|Any CPU
		{6C4AE04A-5B84-4ABF-AB15-6CBFD6EF2110}.Release|Mixed Platforms.ActiveCfg = Release|Any CPU
		{6C4AE04A-5B84-4ABF-AB15-6CBFD6EF2110}.Release|Mixed Platforms.Build.0 = Release|Any CPU
		{6C4AE04A-5B84-4ABF-AB15-6CBFD6EF2110}.Release|x86.ActiveCfg = Release|Any CPU
		{419382BE-8561-4D7F-9DDE-7CF64992E560}.Ad-Hoc|Any CPU.ActiveCfg = Ad-Hoc|iPhone
		{419382BE-8561-4D7F-9DDE-7CF64992E560}.Ad-Hoc|ARM.ActiveCfg = Ad-Hoc|iPhone
		{419382BE-8561-4D7F-9DDE-7CF64992E560}.Ad-Hoc|iPhone.ActiveCfg = Ad-Hoc|iPhone
		{419382BE-8561-4D7F-9DDE-7CF64992E560}.Ad-Hoc|iPhone.Build.0 = Ad-Hoc|iPhone
		{419382BE-8561-4D7F-9DDE-7CF64992E560}.Ad-Hoc|iPhoneSimulator.ActiveCfg = Ad-Hoc|iPhoneSimulator
		{419382BE-8561-4D7F-9DDE-7CF64992E560}.Ad-Hoc|iPhoneSimulator.Build.0 = Ad-Hoc|iPhoneSimulator
		{419382BE-8561-4D7F-9DDE-7CF64992E560}.Ad-Hoc|Mixed Platforms.ActiveCfg = Ad-Hoc|iPhone
		{419382BE-8561-4D7F-9DDE-7CF64992E560}.Ad-Hoc|Mixed Platforms.Build.0 = Ad-Hoc|iPhone
		{419382BE-8561-4D7F-9DDE-7CF64992E560}.Ad-Hoc|x86.ActiveCfg = Ad-Hoc|iPhone
		{419382BE-8561-4D7F-9DDE-7CF64992E560}.AppStore|Any CPU.ActiveCfg = AppStore|iPhone
		{419382BE-8561-4D7F-9DDE-7CF64992E560}.AppStore|ARM.ActiveCfg = AppStore|iPhone
		{419382BE-8561-4D7F-9DDE-7CF64992E560}.AppStore|iPhone.ActiveCfg = AppStore|iPhone
		{419382BE-8561-4D7F-9DDE-7CF64992E560}.AppStore|iPhone.Build.0 = AppStore|iPhone
		{419382BE-8561-4D7F-9DDE-7CF64992E560}.AppStore|iPhoneSimulator.ActiveCfg = AppStore|iPhoneSimulator
		{419382BE-8561-4D7F-9DDE-7CF64992E560}.AppStore|iPhoneSimulator.Build.0 = AppStore|iPhoneSimulator
		{419382BE-8561-4D7F-9DDE-7CF64992E560}.AppStore|Mixed Platforms.ActiveCfg = AppStore|iPhone
		{419382BE-8561-4D7F-9DDE-7CF64992E560}.AppStore|Mixed Platforms.Build.0 = AppStore|iPhone
		{419382BE-8561-4D7F-9DDE-7CF64992E560}.AppStore|x86.ActiveCfg = AppStore|iPhone
		{419382BE-8561-4D7F-9DDE-7CF64992E560}.Debug|Any CPU.ActiveCfg = Debug|iPhone
		{419382BE-8561-4D7F-9DDE-7CF64992E560}.Debug|ARM.ActiveCfg = Debug|iPhone
		{419382BE-8561-4D7F-9DDE-7CF64992E560}.Debug|iPhone.ActiveCfg = Debug|iPhone
		{419382BE-8561-4D7F-9DDE-7CF64992E560}.Debug|iPhone.Build.0 = Debug|iPhone
		{419382BE-8561-4D7F-9DDE-7CF64992E560}.Debug|iPhoneSimulator.ActiveCfg = Debug|iPhoneSimulator
		{419382BE-8561-4D7F-9DDE-7CF64992E560}.Debug|iPhoneSimulator.Build.0 = Debug|iPhoneSimulator
		{419382BE-8561-4D7F-9DDE-7CF64992E560}.Debug|Mixed Platforms.ActiveCfg = Debug|iPhone
		{419382BE-8561-4D7F-9DDE-7CF64992E560}.Debug|Mixed Platforms.Build.0 = Debug|iPhone
		{419382BE-8561-4D7F-9DDE-7CF64992E560}.Debug|x86.ActiveCfg = Debug|iPhone
		{419382BE-8561-4D7F-9DDE-7CF64992E560}.Release|Any CPU.ActiveCfg = Release|iPhone
		{419382BE-8561-4D7F-9DDE-7CF64992E560}.Release|ARM.ActiveCfg = Release|iPhone
		{419382BE-8561-4D7F-9DDE-7CF64992E560}.Release|iPhone.ActiveCfg = Release|iPhone
		{419382BE-8561-4D7F-9DDE-7CF64992E560}.Release|iPhone.Build.0 = Release|iPhone
		{419382BE-8561-4D7F-9DDE-7CF64992E560}.Release|iPhoneSimulator.ActiveCfg = Release|iPhoneSimulator
		{419382BE-8561-4D7F-9DDE-7CF64992E560}.Release|iPhoneSimulator.Build.0 = Release|iPhoneSimulator
		{419382BE-8561-4D7F-9DDE-7CF64992E560}.Release|Mixed Platforms.ActiveCfg = Release|iPhone
		{419382BE-8561-4D7F-9DDE-7CF64992E560}.Release|Mixed Platforms.Build.0 = Release|iPhone
		{419382BE-8561-4D7F-9DDE-7CF64992E560}.Release|x86.ActiveCfg = Release|iPhone
		{608356DF-3076-4B3E-A363-4F4E1E6A335F}.Ad-Hoc|Any CPU.ActiveCfg = Release|Any CPU
		{608356DF-3076-4B3E-A363-4F4E1E6A335F}.Ad-Hoc|Any CPU.Build.0 = Release|Any CPU
		{608356DF-3076-4B3E-A363-4F4E1E6A335F}.Ad-Hoc|Any CPU.Deploy.0 = Release|Any CPU
		{608356DF-3076-4B3E-A363-4F4E1E6A335F}.Ad-Hoc|ARM.ActiveCfg = Release|Any CPU
		{608356DF-3076-4B3E-A363-4F4E1E6A335F}.Ad-Hoc|iPhone.ActiveCfg = Release|Any CPU
		{608356DF-3076-4B3E-A363-4F4E1E6A335F}.Ad-Hoc|iPhoneSimulator.ActiveCfg = Release|Any CPU
		{608356DF-3076-4B3E-A363-4F4E1E6A335F}.Ad-Hoc|Mixed Platforms.ActiveCfg = Release|Any CPU
		{608356DF-3076-4B3E-A363-4F4E1E6A335F}.Ad-Hoc|Mixed Platforms.Build.0 = Release|Any CPU
		{608356DF-3076-4B3E-A363-4F4E1E6A335F}.Ad-Hoc|Mixed Platforms.Deploy.0 = Release|Any CPU
		{608356DF-3076-4B3E-A363-4F4E1E6A335F}.Ad-Hoc|x86.ActiveCfg = Release|Any CPU
		{608356DF-3076-4B3E-A363-4F4E1E6A335F}.AppStore|Any CPU.ActiveCfg = Release|Any CPU
		{608356DF-3076-4B3E-A363-4F4E1E6A335F}.AppStore|Any CPU.Build.0 = Release|Any CPU
		{608356DF-3076-4B3E-A363-4F4E1E6A335F}.AppStore|Any CPU.Deploy.0 = Release|Any CPU
		{608356DF-3076-4B3E-A363-4F4E1E6A335F}.AppStore|ARM.ActiveCfg = Release|Any CPU
		{608356DF-3076-4B3E-A363-4F4E1E6A335F}.AppStore|iPhone.ActiveCfg = Release|Any CPU
		{608356DF-3076-4B3E-A363-4F4E1E6A335F}.AppStore|iPhoneSimulator.ActiveCfg = Release|Any CPU
		{608356DF-3076-4B3E-A363-4F4E1E6A335F}.AppStore|Mixed Platforms.ActiveCfg = Release|Any CPU
		{608356DF-3076-4B3E-A363-4F4E1E6A335F}.AppStore|Mixed Platforms.Build.0 = Release|Any CPU
		{608356DF-3076-4B3E-A363-4F4E1E6A335F}.AppStore|Mixed Platforms.Deploy.0 = Release|Any CPU
		{608356DF-3076-4B3E-A363-4F4E1E6A335F}.AppStore|x86.ActiveCfg = Release|Any CPU
		{608356DF-3076-4B3E-A363-4F4E1E6A335F}.Debug|Any CPU.ActiveCfg = Debug|Any CPU
		{608356DF-3076-4B3E-A363-4F4E1E6A335F}.Debug|Any CPU.Build.0 = Debug|Any CPU
		{608356DF-3076-4B3E-A363-4F4E1E6A335F}.Debug|Any CPU.Deploy.0 = Debug|Any CPU
		{608356DF-3076-4B3E-A363-4F4E1E6A335F}.Debug|ARM.ActiveCfg = Debug|Any CPU
		{608356DF-3076-4B3E-A363-4F4E1E6A335F}.Debug|iPhone.ActiveCfg = Debug|Any CPU
		{608356DF-3076-4B3E-A363-4F4E1E6A335F}.Debug|iPhoneSimulator.ActiveCfg = Debug|Any CPU
		{608356DF-3076-4B3E-A363-4F4E1E6A335F}.Debug|iPhoneSimulator.Build.0 = Debug|Any CPU
		{608356DF-3076-4B3E-A363-4F4E1E6A335F}.Debug|Mixed Platforms.ActiveCfg = Debug|Any CPU
		{608356DF-3076-4B3E-A363-4F4E1E6A335F}.Debug|Mixed Platforms.Build.0 = Debug|Any CPU
		{608356DF-3076-4B3E-A363-4F4E1E6A335F}.Debug|Mixed Platforms.Deploy.0 = Debug|Any CPU
		{608356DF-3076-4B3E-A363-4F4E1E6A335F}.Debug|x86.ActiveCfg = Debug|Any CPU
		{608356DF-3076-4B3E-A363-4F4E1E6A335F}.Release|Any CPU.ActiveCfg = Release|Any CPU
		{608356DF-3076-4B3E-A363-4F4E1E6A335F}.Release|Any CPU.Build.0 = Release|Any CPU
		{608356DF-3076-4B3E-A363-4F4E1E6A335F}.Release|Any CPU.Deploy.0 = Release|Any CPU
		{608356DF-3076-4B3E-A363-4F4E1E6A335F}.Release|ARM.ActiveCfg = Release|Any CPU
		{608356DF-3076-4B3E-A363-4F4E1E6A335F}.Release|iPhone.ActiveCfg = Release|Any CPU
		{608356DF-3076-4B3E-A363-4F4E1E6A335F}.Release|iPhoneSimulator.ActiveCfg = Release|Any CPU
		{608356DF-3076-4B3E-A363-4F4E1E6A335F}.Release|Mixed Platforms.ActiveCfg = Release|Any CPU
		{608356DF-3076-4B3E-A363-4F4E1E6A335F}.Release|Mixed Platforms.Build.0 = Release|Any CPU
		{608356DF-3076-4B3E-A363-4F4E1E6A335F}.Release|Mixed Platforms.Deploy.0 = Release|Any CPU
		{608356DF-3076-4B3E-A363-4F4E1E6A335F}.Release|x86.ActiveCfg = Release|Any CPU
		{65686C58-216B-434C-8A0A-2EE39C67D9AD}.Ad-Hoc|Any CPU.ActiveCfg = Release|Any CPU
		{65686C58-216B-434C-8A0A-2EE39C67D9AD}.Ad-Hoc|Any CPU.Build.0 = Release|Any CPU
		{65686C58-216B-434C-8A0A-2EE39C67D9AD}.Ad-Hoc|Any CPU.Deploy.0 = Release|Any CPU
		{65686C58-216B-434C-8A0A-2EE39C67D9AD}.Ad-Hoc|ARM.ActiveCfg = Release|ARM
		{65686C58-216B-434C-8A0A-2EE39C67D9AD}.Ad-Hoc|ARM.Build.0 = Release|ARM
		{65686C58-216B-434C-8A0A-2EE39C67D9AD}.Ad-Hoc|ARM.Deploy.0 = Release|ARM
		{65686C58-216B-434C-8A0A-2EE39C67D9AD}.Ad-Hoc|iPhone.ActiveCfg = Release|Any CPU
		{65686C58-216B-434C-8A0A-2EE39C67D9AD}.Ad-Hoc|iPhoneSimulator.ActiveCfg = Release|Any CPU
		{65686C58-216B-434C-8A0A-2EE39C67D9AD}.Ad-Hoc|Mixed Platforms.ActiveCfg = Release|x86
		{65686C58-216B-434C-8A0A-2EE39C67D9AD}.Ad-Hoc|Mixed Platforms.Build.0 = Release|x86
		{65686C58-216B-434C-8A0A-2EE39C67D9AD}.Ad-Hoc|Mixed Platforms.Deploy.0 = Release|x86
		{65686C58-216B-434C-8A0A-2EE39C67D9AD}.Ad-Hoc|x86.ActiveCfg = Release|x86
		{65686C58-216B-434C-8A0A-2EE39C67D9AD}.Ad-Hoc|x86.Build.0 = Release|x86
		{65686C58-216B-434C-8A0A-2EE39C67D9AD}.Ad-Hoc|x86.Deploy.0 = Release|x86
		{65686C58-216B-434C-8A0A-2EE39C67D9AD}.AppStore|Any CPU.ActiveCfg = Release|Any CPU
		{65686C58-216B-434C-8A0A-2EE39C67D9AD}.AppStore|Any CPU.Build.0 = Release|Any CPU
		{65686C58-216B-434C-8A0A-2EE39C67D9AD}.AppStore|Any CPU.Deploy.0 = Release|Any CPU
		{65686C58-216B-434C-8A0A-2EE39C67D9AD}.AppStore|ARM.ActiveCfg = Release|ARM
		{65686C58-216B-434C-8A0A-2EE39C67D9AD}.AppStore|ARM.Build.0 = Release|ARM
		{65686C58-216B-434C-8A0A-2EE39C67D9AD}.AppStore|ARM.Deploy.0 = Release|ARM
		{65686C58-216B-434C-8A0A-2EE39C67D9AD}.AppStore|iPhone.ActiveCfg = Release|Any CPU
		{65686C58-216B-434C-8A0A-2EE39C67D9AD}.AppStore|iPhoneSimulator.ActiveCfg = Release|Any CPU
		{65686C58-216B-434C-8A0A-2EE39C67D9AD}.AppStore|Mixed Platforms.ActiveCfg = Release|x86
		{65686C58-216B-434C-8A0A-2EE39C67D9AD}.AppStore|Mixed Platforms.Build.0 = Release|x86
		{65686C58-216B-434C-8A0A-2EE39C67D9AD}.AppStore|Mixed Platforms.Deploy.0 = Release|x86
		{65686C58-216B-434C-8A0A-2EE39C67D9AD}.AppStore|x86.ActiveCfg = Release|x86
		{65686C58-216B-434C-8A0A-2EE39C67D9AD}.AppStore|x86.Build.0 = Release|x86
		{65686C58-216B-434C-8A0A-2EE39C67D9AD}.AppStore|x86.Deploy.0 = Release|x86
		{65686C58-216B-434C-8A0A-2EE39C67D9AD}.Debug|Any CPU.ActiveCfg = Debug|Any CPU
		{65686C58-216B-434C-8A0A-2EE39C67D9AD}.Debug|Any CPU.Build.0 = Debug|Any CPU
		{65686C58-216B-434C-8A0A-2EE39C67D9AD}.Debug|Any CPU.Deploy.0 = Debug|Any CPU
		{65686C58-216B-434C-8A0A-2EE39C67D9AD}.Debug|ARM.ActiveCfg = Debug|ARM
		{65686C58-216B-434C-8A0A-2EE39C67D9AD}.Debug|ARM.Build.0 = Debug|ARM
		{65686C58-216B-434C-8A0A-2EE39C67D9AD}.Debug|ARM.Deploy.0 = Debug|ARM
		{65686C58-216B-434C-8A0A-2EE39C67D9AD}.Debug|iPhone.ActiveCfg = Debug|Any CPU
		{65686C58-216B-434C-8A0A-2EE39C67D9AD}.Debug|iPhoneSimulator.ActiveCfg = Debug|Any CPU
		{65686C58-216B-434C-8A0A-2EE39C67D9AD}.Debug|Mixed Platforms.ActiveCfg = Debug|x86
		{65686C58-216B-434C-8A0A-2EE39C67D9AD}.Debug|Mixed Platforms.Build.0 = Debug|x86
		{65686C58-216B-434C-8A0A-2EE39C67D9AD}.Debug|Mixed Platforms.Deploy.0 = Debug|x86
		{65686C58-216B-434C-8A0A-2EE39C67D9AD}.Debug|x86.ActiveCfg = Debug|x86
		{65686C58-216B-434C-8A0A-2EE39C67D9AD}.Debug|x86.Build.0 = Debug|x86
		{65686C58-216B-434C-8A0A-2EE39C67D9AD}.Debug|x86.Deploy.0 = Debug|x86
		{65686C58-216B-434C-8A0A-2EE39C67D9AD}.Release|Any CPU.ActiveCfg = Release|Any CPU
		{65686C58-216B-434C-8A0A-2EE39C67D9AD}.Release|Any CPU.Build.0 = Release|Any CPU
		{65686C58-216B-434C-8A0A-2EE39C67D9AD}.Release|Any CPU.Deploy.0 = Release|Any CPU
		{65686C58-216B-434C-8A0A-2EE39C67D9AD}.Release|ARM.ActiveCfg = Release|ARM
		{65686C58-216B-434C-8A0A-2EE39C67D9AD}.Release|ARM.Build.0 = Release|ARM
		{65686C58-216B-434C-8A0A-2EE39C67D9AD}.Release|ARM.Deploy.0 = Release|ARM
		{65686C58-216B-434C-8A0A-2EE39C67D9AD}.Release|iPhone.ActiveCfg = Release|Any CPU
		{65686C58-216B-434C-8A0A-2EE39C67D9AD}.Release|iPhoneSimulator.ActiveCfg = Release|Any CPU
		{65686C58-216B-434C-8A0A-2EE39C67D9AD}.Release|Mixed Platforms.ActiveCfg = Release|x86
		{65686C58-216B-434C-8A0A-2EE39C67D9AD}.Release|Mixed Platforms.Build.0 = Release|x86
		{65686C58-216B-434C-8A0A-2EE39C67D9AD}.Release|Mixed Platforms.Deploy.0 = Release|x86
		{65686C58-216B-434C-8A0A-2EE39C67D9AD}.Release|x86.ActiveCfg = Release|x86
		{65686C58-216B-434C-8A0A-2EE39C67D9AD}.Release|x86.Build.0 = Release|x86
		{65686C58-216B-434C-8A0A-2EE39C67D9AD}.Release|x86.Deploy.0 = Release|x86
		{5E35FE6D-2AF0-4F7D-80E4-7187F7E40D37}.Ad-Hoc|Any CPU.ActiveCfg = Release|Any CPU
		{5E35FE6D-2AF0-4F7D-80E4-7187F7E40D37}.Ad-Hoc|Any CPU.Build.0 = Release|Any CPU
		{5E35FE6D-2AF0-4F7D-80E4-7187F7E40D37}.Ad-Hoc|ARM.ActiveCfg = Release|Any CPU
		{5E35FE6D-2AF0-4F7D-80E4-7187F7E40D37}.Ad-Hoc|iPhone.ActiveCfg = Release|Any CPU
		{5E35FE6D-2AF0-4F7D-80E4-7187F7E40D37}.Ad-Hoc|iPhoneSimulator.ActiveCfg = Release|Any CPU
		{5E35FE6D-2AF0-4F7D-80E4-7187F7E40D37}.Ad-Hoc|Mixed Platforms.ActiveCfg = Release|Any CPU
		{5E35FE6D-2AF0-4F7D-80E4-7187F7E40D37}.Ad-Hoc|Mixed Platforms.Build.0 = Release|Any CPU
		{5E35FE6D-2AF0-4F7D-80E4-7187F7E40D37}.Ad-Hoc|x86.ActiveCfg = Release|Any CPU
		{5E35FE6D-2AF0-4F7D-80E4-7187F7E40D37}.AppStore|Any CPU.ActiveCfg = Release|Any CPU
		{5E35FE6D-2AF0-4F7D-80E4-7187F7E40D37}.AppStore|Any CPU.Build.0 = Release|Any CPU
		{5E35FE6D-2AF0-4F7D-80E4-7187F7E40D37}.AppStore|ARM.ActiveCfg = Release|Any CPU
		{5E35FE6D-2AF0-4F7D-80E4-7187F7E40D37}.AppStore|iPhone.ActiveCfg = Release|Any CPU
		{5E35FE6D-2AF0-4F7D-80E4-7187F7E40D37}.AppStore|iPhoneSimulator.ActiveCfg = Release|Any CPU
		{5E35FE6D-2AF0-4F7D-80E4-7187F7E40D37}.AppStore|Mixed Platforms.ActiveCfg = Release|Any CPU
		{5E35FE6D-2AF0-4F7D-80E4-7187F7E40D37}.AppStore|Mixed Platforms.Build.0 = Release|Any CPU
		{5E35FE6D-2AF0-4F7D-80E4-7187F7E40D37}.AppStore|x86.ActiveCfg = Release|Any CPU
		{5E35FE6D-2AF0-4F7D-80E4-7187F7E40D37}.Debug|Any CPU.ActiveCfg = Debug|Any CPU
		{5E35FE6D-2AF0-4F7D-80E4-7187F7E40D37}.Debug|Any CPU.Build.0 = Debug|Any CPU
		{5E35FE6D-2AF0-4F7D-80E4-7187F7E40D37}.Debug|ARM.ActiveCfg = Debug|Any CPU
		{5E35FE6D-2AF0-4F7D-80E4-7187F7E40D37}.Debug|iPhone.ActiveCfg = Debug|Any CPU
		{5E35FE6D-2AF0-4F7D-80E4-7187F7E40D37}.Debug|iPhoneSimulator.ActiveCfg = Debug|Any CPU
		{5E35FE6D-2AF0-4F7D-80E4-7187F7E40D37}.Debug|Mixed Platforms.ActiveCfg = Debug|Any CPU
		{5E35FE6D-2AF0-4F7D-80E4-7187F7E40D37}.Debug|Mixed Platforms.Build.0 = Debug|Any CPU
		{5E35FE6D-2AF0-4F7D-80E4-7187F7E40D37}.Debug|x86.ActiveCfg = Debug|Any CPU
		{5E35FE6D-2AF0-4F7D-80E4-7187F7E40D37}.Release|Any CPU.ActiveCfg = Release|Any CPU
		{5E35FE6D-2AF0-4F7D-80E4-7187F7E40D37}.Release|Any CPU.Build.0 = Release|Any CPU
		{5E35FE6D-2AF0-4F7D-80E4-7187F7E40D37}.Release|ARM.ActiveCfg = Release|Any CPU
		{5E35FE6D-2AF0-4F7D-80E4-7187F7E40D37}.Release|iPhone.ActiveCfg = Release|Any CPU
		{5E35FE6D-2AF0-4F7D-80E4-7187F7E40D37}.Release|iPhoneSimulator.ActiveCfg = Release|Any CPU
		{5E35FE6D-2AF0-4F7D-80E4-7187F7E40D37}.Release|Mixed Platforms.ActiveCfg = Release|Any CPU
		{5E35FE6D-2AF0-4F7D-80E4-7187F7E40D37}.Release|Mixed Platforms.Build.0 = Release|Any CPU
		{5E35FE6D-2AF0-4F7D-80E4-7187F7E40D37}.Release|x86.ActiveCfg = Release|Any CPU
	EndGlobalSection
	GlobalSection(SolutionProperties) = preSolution
		HideSolutionNode = FALSE
	EndGlobalSection
EndGlobal
