
Microsoft Visual Studio Solution File, Format Version 12.00
# Visual Studio 2013
VisualStudioVersion = 12.0.31101.0
MinimumVisualStudioVersion = 10.0.40219.1
Project("{FAE04EC0-301F-11D3-BF4B-00C04F79EFBC}") = "Samples", "Samples\Samples\Samples.csproj", "{52334374-194B-4D5D-B7C0-6453D094EFB5}"
EndProject
Project("{FAE04EC0-301F-11D3-BF4B-00C04F79EFBC}") = "Samples.iOS", "Samples\Samples.iOS\Samples.iOS.csproj", "{DD15956C-EADE-4414-9E74-E9CE3569D13E}"
EndProject
Project("{FAE04EC0-301F-11D3-BF4B-00C04F79EFBC}") = "Samples.Droid", "Samples\Samples.Droid\Samples.Droid.csproj", "{35AA1A94-D697-4200-B325-B7B33690C62C}"
EndProject
Project("{FAE04EC0-301F-11D3-BF4B-00C04F79EFBC}") = "Samples.WinPhone", "Samples\Samples.WinPhone\Samples.WinPhone.csproj", "{87EFA272-578D-433B-A02B-D1B4427A437C}"
EndProject
Global
	GlobalSection(SolutionConfigurationPlatforms) = preSolution
		Ad-Hoc|Any CPU = Ad-Hoc|Any CPU
		Ad-Hoc|ARM = Ad-Hoc|ARM
		Ad-Hoc|iPhone = Ad-Hoc|iPhone
		Ad-Hoc|iPhoneSimulator = Ad-Hoc|iPhoneSimulator
		Ad-Hoc|Mixed Platforms = Ad-Hoc|Mixed Platforms
		Ad-Hoc|x86 = Ad-Hoc|x86
		AppStore|Any CPU = AppStore|Any CPU
		AppStore|ARM = AppStore|ARM
		AppStore|iPhone = AppStore|iPhone
		AppStore|iPhoneSimulator = AppStore|iPhoneSimulator
		AppStore|Mixed Platforms = AppStore|Mixed Platforms
		AppStore|x86 = AppStore|x86
		Debug|Any CPU = Debug|Any CPU
		Debug|ARM = Debug|ARM
		Debug|iPhone = Debug|iPhone
		Debug|iPhoneSimulator = Debug|iPhoneSimulator
		Debug|Mixed Platforms = Debug|Mixed Platforms
		Debug|x86 = Debug|x86
		Release|Any CPU = Release|Any CPU
		Release|ARM = Release|ARM
		Release|iPhone = Release|iPhone
		Release|iPhoneSimulator = Release|iPhoneSimulator
		Release|Mixed Platforms = Release|Mixed Platforms
		Release|x86 = Release|x86
	EndGlobalSection
	GlobalSection(ProjectConfigurationPlatforms) = postSolution
		{52334374-194B-4D5D-B7C0-6453D094EFB5}.Ad-Hoc|Any CPU.ActiveCfg = Release|Any CPU
		{52334374-194B-4D5D-B7C0-6453D094EFB5}.Ad-Hoc|Any CPU.Build.0 = Release|Any CPU
		{52334374-194B-4D5D-B7C0-6453D094EFB5}.Ad-Hoc|ARM.ActiveCfg = Release|Any CPU
		{52334374-194B-4D5D-B7C0-6453D094EFB5}.Ad-Hoc|iPhone.ActiveCfg = Release|Any CPU
		{52334374-194B-4D5D-B7C0-6453D094EFB5}.Ad-Hoc|iPhoneSimulator.ActiveCfg = Release|Any CPU
		{52334374-194B-4D5D-B7C0-6453D094EFB5}.Ad-Hoc|Mixed Platforms.ActiveCfg = Release|Any CPU
		{52334374-194B-4D5D-B7C0-6453D094EFB5}.Ad-Hoc|Mixed Platforms.Build.0 = Release|Any CPU
		{52334374-194B-4D5D-B7C0-6453D094EFB5}.Ad-Hoc|x86.ActiveCfg = Release|Any CPU
		{52334374-194B-4D5D-B7C0-6453D094EFB5}.AppStore|Any CPU.ActiveCfg = Release|Any CPU
		{52334374-194B-4D5D-B7C0-6453D094EFB5}.AppStore|Any CPU.Build.0 = Release|Any CPU
		{52334374-194B-4D5D-B7C0-6453D094EFB5}.AppStore|ARM.ActiveCfg = Release|Any CPU
		{52334374-194B-4D5D-B7C0-6453D094EFB5}.AppStore|iPhone.ActiveCfg = Release|Any CPU
		{52334374-194B-4D5D-B7C0-6453D094EFB5}.AppStore|iPhoneSimulator.ActiveCfg = Release|Any CPU
		{52334374-194B-4D5D-B7C0-6453D094EFB5}.AppStore|Mixed Platforms.ActiveCfg = Release|Any CPU
		{52334374-194B-4D5D-B7C0-6453D094EFB5}.AppStore|Mixed Platforms.Build.0 = Release|Any CPU
		{52334374-194B-4D5D-B7C0-6453D094EFB5}.AppStore|x86.ActiveCfg = Release|Any CPU
		{52334374-194B-4D5D-B7C0-6453D094EFB5}.Debug|Any CPU.ActiveCfg = Debug|Any CPU
		{52334374-194B-4D5D-B7C0-6453D094EFB5}.Debug|Any CPU.Build.0 = Debug|Any CPU
		{52334374-194B-4D5D-B7C0-6453D094EFB5}.Debug|ARM.ActiveCfg = Debug|Any CPU
		{52334374-194B-4D5D-B7C0-6453D094EFB5}.Debug|iPhone.ActiveCfg = Debug|Any CPU
		{52334374-194B-4D5D-B7C0-6453D094EFB5}.Debug|iPhoneSimulator.ActiveCfg = Debug|Any CPU
		{52334374-194B-4D5D-B7C0-6453D094EFB5}.Debug|iPhoneSimulator.Build.0 = Debug|Any CPU
		{52334374-194B-4D5D-B7C0-6453D094EFB5}.Debug|Mixed Platforms.ActiveCfg = Debug|Any CPU
		{52334374-194B-4D5D-B7C0-6453D094EFB5}.Debug|Mixed Platforms.Build.0 = Debug|Any CPU
		{52334374-194B-4D5D-B7C0-6453D094EFB5}.Debug|x86.ActiveCfg = Debug|Any CPU
		{52334374-194B-4D5D-B7C0-6453D094EFB5}.Release|Any CPU.ActiveCfg = Release|Any CPU
		{52334374-194B-4D5D-B7C0-6453D094EFB5}.Release|Any CPU.Build.0 = Release|Any CPU
		{52334374-194B-4D5D-B7C0-6453D094EFB5}.Release|ARM.ActiveCfg = Release|Any CPU
		{52334374-194B-4D5D-B7C0-6453D094EFB5}.Release|iPhone.ActiveCfg = Release|Any CPU
		{52334374-194B-4D5D-B7C0-6453D094EFB5}.Release|iPhoneSimulator.ActiveCfg = Release|Any CPU
		{52334374-194B-4D5D-B7C0-6453D094EFB5}.Release|Mixed Platforms.ActiveCfg = Release|Any CPU
		{52334374-194B-4D5D-B7C0-6453D094EFB5}.Release|Mixed Platforms.Build.0 = Release|Any CPU
		{52334374-194B-4D5D-B7C0-6453D094EFB5}.Release|x86.ActiveCfg = Release|Any CPU
		{DD15956C-EADE-4414-9E74-E9CE3569D13E}.Ad-Hoc|Any CPU.ActiveCfg = Ad-Hoc|iPhone
		{DD15956C-EADE-4414-9E74-E9CE3569D13E}.Ad-Hoc|ARM.ActiveCfg = Ad-Hoc|iPhone
		{DD15956C-EADE-4414-9E74-E9CE3569D13E}.Ad-Hoc|iPhone.ActiveCfg = Ad-Hoc|iPhone
		{DD15956C-EADE-4414-9E74-E9CE3569D13E}.Ad-Hoc|iPhone.Build.0 = Ad-Hoc|iPhone
		{DD15956C-EADE-4414-9E74-E9CE3569D13E}.Ad-Hoc|iPhoneSimulator.ActiveCfg = Ad-Hoc|iPhoneSimulator
		{DD15956C-EADE-4414-9E74-E9CE3569D13E}.Ad-Hoc|iPhoneSimulator.Build.0 = Ad-Hoc|iPhoneSimulator
		{DD15956C-EADE-4414-9E74-E9CE3569D13E}.Ad-Hoc|Mixed Platforms.ActiveCfg = Ad-Hoc|iPhone
		{DD15956C-EADE-4414-9E74-E9CE3569D13E}.Ad-Hoc|Mixed Platforms.Build.0 = Ad-Hoc|iPhone
		{DD15956C-EADE-4414-9E74-E9CE3569D13E}.Ad-Hoc|x86.ActiveCfg = Ad-Hoc|iPhone
		{DD15956C-EADE-4414-9E74-E9CE3569D13E}.AppStore|Any CPU.ActiveCfg = AppStore|iPhone
		{DD15956C-EADE-4414-9E74-E9CE3569D13E}.AppStore|ARM.ActiveCfg = AppStore|iPhone
		{DD15956C-EADE-4414-9E74-E9CE3569D13E}.AppStore|iPhone.ActiveCfg = AppStore|iPhone
		{DD15956C-EADE-4414-9E74-E9CE3569D13E}.AppStore|iPhone.Build.0 = AppStore|iPhone
		{DD15956C-EADE-4414-9E74-E9CE3569D13E}.AppStore|iPhoneSimulator.ActiveCfg = AppStore|iPhoneSimulator
		{DD15956C-EADE-4414-9E74-E9CE3569D13E}.AppStore|iPhoneSimulator.Build.0 = AppStore|iPhoneSimulator
		{DD15956C-EADE-4414-9E74-E9CE3569D13E}.AppStore|Mixed Platforms.ActiveCfg = AppStore|iPhone
		{DD15956C-EADE-4414-9E74-E9CE3569D13E}.AppStore|Mixed Platforms.Build.0 = AppStore|iPhone
		{DD15956C-EADE-4414-9E74-E9CE3569D13E}.AppStore|x86.ActiveCfg = AppStore|iPhone
		{DD15956C-EADE-4414-9E74-E9CE3569D13E}.Debug|Any CPU.ActiveCfg = Debug|iPhone
		{DD15956C-EADE-4414-9E74-E9CE3569D13E}.Debug|ARM.ActiveCfg = Debug|iPhone
		{DD15956C-EADE-4414-9E74-E9CE3569D13E}.Debug|iPhone.ActiveCfg = Debug|iPhone
		{DD15956C-EADE-4414-9E74-E9CE3569D13E}.Debug|iPhone.Build.0 = Debug|iPhone
		{DD15956C-EADE-4414-9E74-E9CE3569D13E}.Debug|iPhoneSimulator.ActiveCfg = Debug|iPhoneSimulator
		{DD15956C-EADE-4414-9E74-E9CE3569D13E}.Debug|iPhoneSimulator.Build.0 = Debug|iPhoneSimulator
		{DD15956C-EADE-4414-9E74-E9CE3569D13E}.Debug|Mixed Platforms.ActiveCfg = Debug|iPhone
		{DD15956C-EADE-4414-9E74-E9CE3569D13E}.Debug|Mixed Platforms.Build.0 = Debug|iPhone
		{DD15956C-EADE-4414-9E74-E9CE3569D13E}.Debug|x86.ActiveCfg = Debug|iPhone
		{DD15956C-EADE-4414-9E74-E9CE3569D13E}.Release|Any CPU.ActiveCfg = Release|iPhone
		{DD15956C-EADE-4414-9E74-E9CE3569D13E}.Release|ARM.ActiveCfg = Release|iPhone
		{DD15956C-EADE-4414-9E74-E9CE3569D13E}.Release|iPhone.ActiveCfg = Release|iPhone
		{DD15956C-EADE-4414-9E74-E9CE3569D13E}.Release|iPhone.Build.0 = Release|iPhone
		{DD15956C-EADE-4414-9E74-E9CE3569D13E}.Release|iPhoneSimulator.ActiveCfg = Release|iPhoneSimulator
		{DD15956C-EADE-4414-9E74-E9CE3569D13E}.Release|iPhoneSimulator.Build.0 = Release|iPhoneSimulator
		{DD15956C-EADE-4414-9E74-E9CE3569D13E}.Release|Mixed Platforms.ActiveCfg = Release|iPhone
		{DD15956C-EADE-4414-9E74-E9CE3569D13E}.Release|Mixed Platforms.Build.0 = Release|iPhone
		{DD15956C-EADE-4414-9E74-E9CE3569D13E}.Release|x86.ActiveCfg = Release|iPhone
		{35AA1A94-D697-4200-B325-B7B33690C62C}.Ad-Hoc|Any CPU.ActiveCfg = Release|Any CPU
		{35AA1A94-D697-4200-B325-B7B33690C62C}.Ad-Hoc|Any CPU.Build.0 = Release|Any CPU
		{35AA1A94-D697-4200-B325-B7B33690C62C}.Ad-Hoc|Any CPU.Deploy.0 = Release|Any CPU
		{35AA1A94-D697-4200-B325-B7B33690C62C}.Ad-Hoc|ARM.ActiveCfg = Release|Any CPU
		{35AA1A94-D697-4200-B325-B7B33690C62C}.Ad-Hoc|iPhone.ActiveCfg = Release|Any CPU
		{35AA1A94-D697-4200-B325-B7B33690C62C}.Ad-Hoc|iPhoneSimulator.ActiveCfg = Release|Any CPU
		{35AA1A94-D697-4200-B325-B7B33690C62C}.Ad-Hoc|Mixed Platforms.ActiveCfg = Release|Any CPU
		{35AA1A94-D697-4200-B325-B7B33690C62C}.Ad-Hoc|Mixed Platforms.Build.0 = Release|Any CPU
		{35AA1A94-D697-4200-B325-B7B33690C62C}.Ad-Hoc|Mixed Platforms.Deploy.0 = Release|Any CPU
		{35AA1A94-D697-4200-B325-B7B33690C62C}.Ad-Hoc|x86.ActiveCfg = Release|Any CPU
		{35AA1A94-D697-4200-B325-B7B33690C62C}.AppStore|Any CPU.ActiveCfg = Release|Any CPU
		{35AA1A94-D697-4200-B325-B7B33690C62C}.AppStore|Any CPU.Build.0 = Release|Any CPU
		{35AA1A94-D697-4200-B325-B7B33690C62C}.AppStore|Any CPU.Deploy.0 = Release|Any CPU
		{35AA1A94-D697-4200-B325-B7B33690C62C}.AppStore|ARM.ActiveCfg = Release|Any CPU
		{35AA1A94-D697-4200-B325-B7B33690C62C}.AppStore|iPhone.ActiveCfg = Release|Any CPU
		{35AA1A94-D697-4200-B325-B7B33690C62C}.AppStore|iPhoneSimulator.ActiveCfg = Release|Any CPU
		{35AA1A94-D697-4200-B325-B7B33690C62C}.AppStore|Mixed Platforms.ActiveCfg = Release|Any CPU
		{35AA1A94-D697-4200-B325-B7B33690C62C}.AppStore|Mixed Platforms.Build.0 = Release|Any CPU
		{35AA1A94-D697-4200-B325-B7B33690C62C}.AppStore|Mixed Platforms.Deploy.0 = Release|Any CPU
		{35AA1A94-D697-4200-B325-B7B33690C62C}.AppStore|x86.ActiveCfg = Release|Any CPU
		{35AA1A94-D697-4200-B325-B7B33690C62C}.Debug|Any CPU.ActiveCfg = Debug|Any CPU
		{35AA1A94-D697-4200-B325-B7B33690C62C}.Debug|Any CPU.Build.0 = Debug|Any CPU
		{35AA1A94-D697-4200-B325-B7B33690C62C}.Debug|Any CPU.Deploy.0 = Debug|Any CPU
		{35AA1A94-D697-4200-B325-B7B33690C62C}.Debug|ARM.ActiveCfg = Debug|Any CPU
		{35AA1A94-D697-4200-B325-B7B33690C62C}.Debug|iPhone.ActiveCfg = Debug|Any CPU
		{35AA1A94-D697-4200-B325-B7B33690C62C}.Debug|iPhoneSimulator.ActiveCfg = Debug|Any CPU
		{35AA1A94-D697-4200-B325-B7B33690C62C}.Debug|iPhoneSimulator.Build.0 = Debug|Any CPU
		{35AA1A94-D697-4200-B325-B7B33690C62C}.Debug|iPhoneSimulator.Deploy.0 = Debug|Any CPU
		{35AA1A94-D697-4200-B325-B7B33690C62C}.Debug|Mixed Platforms.ActiveCfg = Debug|Any CPU
		{35AA1A94-D697-4200-B325-B7B33690C62C}.Debug|Mixed Platforms.Build.0 = Debug|Any CPU
		{35AA1A94-D697-4200-B325-B7B33690C62C}.Debug|Mixed Platforms.Deploy.0 = Debug|Any CPU
		{35AA1A94-D697-4200-B325-B7B33690C62C}.Debug|x86.ActiveCfg = Debug|Any CPU
		{35AA1A94-D697-4200-B325-B7B33690C62C}.Release|Any CPU.ActiveCfg = Release|Any CPU
		{35AA1A94-D697-4200-B325-B7B33690C62C}.Release|Any CPU.Build.0 = Release|Any CPU
		{35AA1A94-D697-4200-B325-B7B33690C62C}.Release|Any CPU.Deploy.0 = Release|Any CPU
		{35AA1A94-D697-4200-B325-B7B33690C62C}.Release|ARM.ActiveCfg = Release|Any CPU
		{35AA1A94-D697-4200-B325-B7B33690C62C}.Release|iPhone.ActiveCfg = Release|Any CPU
		{35AA1A94-D697-4200-B325-B7B33690C62C}.Release|iPhoneSimulator.ActiveCfg = Release|Any CPU
		{35AA1A94-D697-4200-B325-B7B33690C62C}.Release|Mixed Platforms.ActiveCfg = Release|Any CPU
		{35AA1A94-D697-4200-B325-B7B33690C62C}.Release|Mixed Platforms.Build.0 = Release|Any CPU
		{35AA1A94-D697-4200-B325-B7B33690C62C}.Release|Mixed Platforms.Deploy.0 = Release|Any CPU
		{35AA1A94-D697-4200-B325-B7B33690C62C}.Release|x86.ActiveCfg = Release|Any CPU
		{87EFA272-578D-433B-A02B-D1B4427A437C}.Ad-Hoc|Any CPU.ActiveCfg = Release|Any CPU
		{87EFA272-578D-433B-A02B-D1B4427A437C}.Ad-Hoc|Any CPU.Build.0 = Release|Any CPU
		{87EFA272-578D-433B-A02B-D1B4427A437C}.Ad-Hoc|Any CPU.Deploy.0 = Release|Any CPU
		{87EFA272-578D-433B-A02B-D1B4427A437C}.Ad-Hoc|ARM.ActiveCfg = Release|ARM
		{87EFA272-578D-433B-A02B-D1B4427A437C}.Ad-Hoc|ARM.Build.0 = Release|ARM
		{87EFA272-578D-433B-A02B-D1B4427A437C}.Ad-Hoc|ARM.Deploy.0 = Release|ARM
		{87EFA272-578D-433B-A02B-D1B4427A437C}.Ad-Hoc|iPhone.ActiveCfg = Release|Any CPU
		{87EFA272-578D-433B-A02B-D1B4427A437C}.Ad-Hoc|iPhoneSimulator.ActiveCfg = Release|Any CPU
		{87EFA272-578D-433B-A02B-D1B4427A437C}.Ad-Hoc|Mixed Platforms.ActiveCfg = Release|x86
		{87EFA272-578D-433B-A02B-D1B4427A437C}.Ad-Hoc|Mixed Platforms.Build.0 = Release|x86
		{87EFA272-578D-433B-A02B-D1B4427A437C}.Ad-Hoc|Mixed Platforms.Deploy.0 = Release|x86
		{87EFA272-578D-433B-A02B-D1B4427A437C}.Ad-Hoc|x86.ActiveCfg = Release|x86
		{87EFA272-578D-433B-A02B-D1B4427A437C}.Ad-Hoc|x86.Build.0 = Release|x86
		{87EFA272-578D-433B-A02B-D1B4427A437C}.Ad-Hoc|x86.Deploy.0 = Release|x86
		{87EFA272-578D-433B-A02B-D1B4427A437C}.AppStore|Any CPU.ActiveCfg = Release|Any CPU
		{87EFA272-578D-433B-A02B-D1B4427A437C}.AppStore|Any CPU.Build.0 = Release|Any CPU
		{87EFA272-578D-433B-A02B-D1B4427A437C}.AppStore|Any CPU.Deploy.0 = Release|Any CPU
		{87EFA272-578D-433B-A02B-D1B4427A437C}.AppStore|ARM.ActiveCfg = Release|ARM
		{87EFA272-578D-433B-A02B-D1B4427A437C}.AppStore|ARM.Build.0 = Release|ARM
		{87EFA272-578D-433B-A02B-D1B4427A437C}.AppStore|ARM.Deploy.0 = Release|ARM
		{87EFA272-578D-433B-A02B-D1B4427A437C}.AppStore|iPhone.ActiveCfg = Release|Any CPU
		{87EFA272-578D-433B-A02B-D1B4427A437C}.AppStore|iPhoneSimulator.ActiveCfg = Release|Any CPU
		{87EFA272-578D-433B-A02B-D1B4427A437C}.AppStore|Mixed Platforms.ActiveCfg = Release|x86
		{87EFA272-578D-433B-A02B-D1B4427A437C}.AppStore|Mixed Platforms.Build.0 = Release|x86
		{87EFA272-578D-433B-A02B-D1B4427A437C}.AppStore|Mixed Platforms.Deploy.0 = Release|x86
		{87EFA272-578D-433B-A02B-D1B4427A437C}.AppStore|x86.ActiveCfg = Release|x86
		{87EFA272-578D-433B-A02B-D1B4427A437C}.AppStore|x86.Build.0 = Release|x86
		{87EFA272-578D-433B-A02B-D1B4427A437C}.AppStore|x86.Deploy.0 = Release|x86
		{87EFA272-578D-433B-A02B-D1B4427A437C}.Debug|Any CPU.ActiveCfg = Debug|Any CPU
		{87EFA272-578D-433B-A02B-D1B4427A437C}.Debug|Any CPU.Build.0 = Debug|Any CPU
		{87EFA272-578D-433B-A02B-D1B4427A437C}.Debug|Any CPU.Deploy.0 = Debug|Any CPU
		{87EFA272-578D-433B-A02B-D1B4427A437C}.Debug|ARM.ActiveCfg = Debug|ARM
		{87EFA272-578D-433B-A02B-D1B4427A437C}.Debug|ARM.Build.0 = Debug|ARM
		{87EFA272-578D-433B-A02B-D1B4427A437C}.Debug|ARM.Deploy.0 = Debug|ARM
		{87EFA272-578D-433B-A02B-D1B4427A437C}.Debug|iPhone.ActiveCfg = Debug|Any CPU
		{87EFA272-578D-433B-A02B-D1B4427A437C}.Debug|iPhoneSimulator.ActiveCfg = Debug|Any CPU
		{87EFA272-578D-433B-A02B-D1B4427A437C}.Debug|iPhoneSimulator.Build.0 = Debug|Any CPU
		{87EFA272-578D-433B-A02B-D1B4427A437C}.Debug|iPhoneSimulator.Deploy.0 = Debug|Any CPU
		{87EFA272-578D-433B-A02B-D1B4427A437C}.Debug|Mixed Platforms.ActiveCfg = Debug|x86
		{87EFA272-578D-433B-A02B-D1B4427A437C}.Debug|Mixed Platforms.Build.0 = Debug|x86
		{87EFA272-578D-433B-A02B-D1B4427A437C}.Debug|Mixed Platforms.Deploy.0 = Debug|x86
		{87EFA272-578D-433B-A02B-D1B4427A437C}.Debug|x86.ActiveCfg = Debug|x86
		{87EFA272-578D-433B-A02B-D1B4427A437C}.Debug|x86.Build.0 = Debug|x86
		{87EFA272-578D-433B-A02B-D1B4427A437C}.Debug|x86.Deploy.0 = Debug|x86
		{87EFA272-578D-433B-A02B-D1B4427A437C}.Release|Any CPU.ActiveCfg = Release|Any CPU
		{87EFA272-578D-433B-A02B-D1B4427A437C}.Release|Any CPU.Build.0 = Release|Any CPU
		{87EFA272-578D-433B-A02B-D1B4427A437C}.Release|Any CPU.Deploy.0 = Release|Any CPU
		{87EFA272-578D-433B-A02B-D1B4427A437C}.Release|ARM.ActiveCfg = Release|ARM
		{87EFA272-578D-433B-A02B-D1B4427A437C}.Release|ARM.Build.0 = Release|ARM
		{87EFA272-578D-433B-A02B-D1B4427A437C}.Release|ARM.Deploy.0 = Release|ARM
		{87EFA272-578D-433B-A02B-D1B4427A437C}.Release|iPhone.ActiveCfg = Release|Any CPU
		{87EFA272-578D-433B-A02B-D1B4427A437C}.Release|iPhoneSimulator.ActiveCfg = Release|Any CPU
		{87EFA272-578D-433B-A02B-D1B4427A437C}.Release|Mixed Platforms.ActiveCfg = Release|x86
		{87EFA272-578D-433B-A02B-D1B4427A437C}.Release|Mixed Platforms.Build.0 = Release|x86
		{87EFA272-578D-433B-A02B-D1B4427A437C}.Release|Mixed Platforms.Deploy.0 = Release|x86
		{87EFA272-578D-433B-A02B-D1B4427A437C}.Release|x86.ActiveCfg = Release|x86
		{87EFA272-578D-433B-A02B-D1B4427A437C}.Release|x86.Build.0 = Release|x86
		{87EFA272-578D-433B-A02B-D1B4427A437C}.Release|x86.Deploy.0 = Release|x86
	EndGlobalSection
	GlobalSection(SolutionProperties) = preSolution
		HideSolutionNode = FALSE
	EndGlobalSection
EndGlobal
