
Microsoft Visual Studio Solution File, Format Version 12.00
# Visual Studio 2012
Project("{FAE04EC0-301F-11D3-BF4B-00C04F79EFBC}") = "Effects", "Effects\Effects.csproj", "{60D2FBB6-297D-4118-A54A-9F262391269A}"
EndProject
Project("{FAE04EC0-301F-11D3-BF4B-00C04F79EFBC}") = "Effects.iOS", "iOS\Effects.iOS.csproj", "{DEFDD174-11D5-415E-8302-174F884B4C04}"
EndProject
Project("{FAE04EC0-301F-11D3-BF4B-00C04F79EFBC}") = "Effects.Droid", "Droid\Effects.Droid.csproj", "{F35681CB-DA14-4E88-A3CD-37AED1EA18AD}"
EndProject
Global
	GlobalSection(SolutionConfigurationPlatforms) = preSolution
		Debug|Any CPU = Debug|Any CPU
		Release|Any CPU = Release|Any CPU
		Debug|iPhoneSimulator = Debug|iPhoneSimulator
		Release|iPhone = Release|iPhone
		Release|iPhoneSimulator = Release|iPhoneSimulator
		Debug|iPhone = Debug|iPhone
	EndGlobalSection
	GlobalSection(ProjectConfigurationPlatforms) = postSolution
		{60D2FBB6-297D-4118-A54A-9F262391269A}.Debug|Any CPU.ActiveCfg = Debug|Any CPU
		{60D2FBB6-297D-4118-A54A-9F262391269A}.Debug|Any CPU.Build.0 = Debug|Any CPU
		{60D2FBB6-297D-4118-A54A-9F262391269A}.Release|Any CPU.ActiveCfg = Release|Any CPU
		{60D2FBB6-297D-4118-A54A-9F262391269A}.Release|Any CPU.Build.0 = Release|Any CPU
		{60D2FBB6-297D-4118-A54A-9F262391269A}.Debug|iPhoneSimulator.ActiveCfg = Debug|Any CPU
		{60D2FBB6-297D-4118-A54A-9F262391269A}.Debug|iPhoneSimulator.Build.0 = Debug|Any CPU
		{60D2FBB6-297D-4118-A54A-9F262391269A}.Release|iPhone.ActiveCfg = Release|Any CPU
		{60D2FBB6-297D-4118-A54A-9F262391269A}.Release|iPhone.Build.0 = Release|Any CPU
		{60D2FBB6-297D-4118-A54A-9F262391269A}.Release|iPhoneSimulator.ActiveCfg = Release|Any CPU
		{60D2FBB6-297D-4118-A54A-9F262391269A}.Release|iPhoneSimulator.Build.0 = Release|Any CPU
		{60D2FBB6-297D-4118-A54A-9F262391269A}.Debug|iPhone.ActiveCfg = Debug|Any CPU
		{60D2FBB6-297D-4118-A54A-9F262391269A}.Debug|iPhone.Build.0 = Debug|Any CPU
		{DEFDD174-11D5-415E-8302-174F884B4C04}.Debug|Any CPU.ActiveCfg = Debug|iPhoneSimulator
		{DEFDD174-11D5-415E-8302-174F884B4C04}.Debug|Any CPU.Build.0 = Debug|iPhoneSimulator
		{DEFDD174-11D5-415E-8302-174F884B4C04}.Release|Any CPU.ActiveCfg = Debug|iPhoneSimulator
		{DEFDD174-11D5-415E-8302-174F884B4C04}.Release|Any CPU.Build.0 = Debug|iPhoneSimulator
		{DEFDD174-11D5-415E-8302-174F884B4C04}.Debug|iPhoneSimulator.ActiveCfg = Debug|iPhoneSimulator
		{DEFDD174-11D5-415E-8302-174F884B4C04}.Debug|iPhoneSimulator.Build.0 = Debug|iPhoneSimulator
		{DEFDD174-11D5-415E-8302-174F884B4C04}.Release|iPhone.ActiveCfg = Release|iPhone
		{DEFDD174-11D5-415E-8302-174F884B4C04}.Release|iPhone.Build.0 = Release|iPhone
		{DEFDD174-11D5-415E-8302-174F884B4C04}.Release|iPhoneSimulator.ActiveCfg = Release|iPhoneSimulator
		{DEFDD174-11D5-415E-8302-174F884B4C04}.Release|iPhoneSimulator.Build.0 = Release|iPhoneSimulator
		{DEFDD174-11D5-415E-8302-174F884B4C04}.Debug|iPhone.ActiveCfg = Debug|iPhone
		{DEFDD174-11D5-415E-8302-174F884B4C04}.Debug|iPhone.Build.0 = Debug|iPhone
		{F35681CB-DA14-4E88-A3CD-37AED1EA18AD}.Debug|Any CPU.ActiveCfg = Debug|Any CPU
		{F35681CB-DA14-4E88-A3CD-37AED1EA18AD}.Debug|Any CPU.Build.0 = Debug|Any CPU
		{F35681CB-DA14-4E88-A3CD-37AED1EA18AD}.Release|Any CPU.ActiveCfg = Release|Any CPU
		{F35681CB-DA14-4E88-A3CD-37AED1EA18AD}.Release|Any CPU.Build.0 = Release|Any CPU
		{F35681CB-DA14-4E88-A3CD-37AED1EA18AD}.Debug|iPhoneSimulator.ActiveCfg = Debug|Any CPU
		{F35681CB-DA14-4E88-A3CD-37AED1EA18AD}.Debug|iPhoneSimulator.Build.0 = Debug|Any CPU
		{F35681CB-DA14-4E88-A3CD-37AED1EA18AD}.Release|iPhone.ActiveCfg = Release|Any CPU
		{F35681CB-DA14-4E88-A3CD-37AED1EA18AD}.Release|iPhone.Build.0 = Release|Any CPU
		{F35681CB-DA14-4E88-A3CD-37AED1EA18AD}.Release|iPhoneSimulator.ActiveCfg = Release|Any CPU
		{F35681CB-DA14-4E88-A3CD-37AED1EA18AD}.Release|iPhoneSimulator.Build.0 = Release|Any CPU
		{F35681CB-DA14-4E88-A3CD-37AED1EA18AD}.Debug|iPhone.ActiveCfg = Debug|Any CPU
		{F35681CB-DA14-4E88-A3CD-37AED1EA18AD}.Debug|iPhone.Build.0 = Debug|Any CPU
	EndGlobalSection
EndGlobal
