
Microsoft Visual Studio Solution File, Format Version 12.00
# Visual Studio 14
VisualStudioVersion = 14.0.24720.0
MinimumVisualStudioVersion = 10.0.40219.1
Project("{FAE04EC0-301F-11D3-BF4B-00C04F79EFBC}") = "DataTemplateSelector.Droid", "DataTemplateSelector\DataTemplateSelector.Droid\DataTemplateSelector.Droid.csproj", "{893FF4C4-01FB-44EF-9FB3-C6292CD2BB44}"
EndProject
Project("{FAE04EC0-301F-11D3-BF4B-00C04F79EFBC}") = "DataTemplateSelector.iOS", "DataTemplateSelector\DataTemplateSelector.iOS\DataTemplateSelector.iOS.csproj", "{FE589C2B-8B58-4002-B689-96704D6E4AE1}"
EndProject
Project("{FAE04EC0-301F-11D3-BF4B-00C04F79EFBC}") = "DataTemplateSelector.UWP", "DataTemplateSelector\DataTemplateSelector.UWP\DataTemplateSelector.UWP.csproj", "{C6C64A0E-C939-408F-87DD-6A72400B7B4C}"
EndProject
Project("{FAE04EC0-301F-11D3-BF4B-00C04F79EFBC}") = "DataTemplateSelector", "DataTemplateSelector\DataTemplateSelector\DataTemplateSelector.csproj", "{428DF3EA-61FC-4489-8746-47EAB27C22E9}"
EndProject
Global
	GlobalSection(SolutionConfigurationPlatforms) = preSolution
		Ad-Hoc|Any CPU = Ad-Hoc|Any CPU
		Ad-Hoc|ARM = Ad-Hoc|ARM
		Ad-Hoc|iPhone = Ad-Hoc|iPhone
		Ad-Hoc|iPhoneSimulator = Ad-Hoc|iPhoneSimulator
		Ad-Hoc|x64 = Ad-Hoc|x64
		Ad-Hoc|x86 = Ad-Hoc|x86
		AppStore|Any CPU = AppStore|Any CPU
		AppStore|ARM = AppStore|ARM
		AppStore|iPhone = AppStore|iPhone
		AppStore|iPhoneSimulator = AppStore|iPhoneSimulator
		AppStore|x64 = AppStore|x64
		AppStore|x86 = AppStore|x86
		Debug|Any CPU = Debug|Any CPU
		Debug|ARM = Debug|ARM
		Debug|iPhone = Debug|iPhone
		Debug|iPhoneSimulator = Debug|iPhoneSimulator
		Debug|x64 = Debug|x64
		Debug|x86 = Debug|x86
		Release|Any CPU = Release|Any CPU
		Release|ARM = Release|ARM
		Release|iPhone = Release|iPhone
		Release|iPhoneSimulator = Release|iPhoneSimulator
		Release|x64 = Release|x64
		Release|x86 = Release|x86
	EndGlobalSection
	GlobalSection(ProjectConfigurationPlatforms) = postSolution
		{893FF4C4-01FB-44EF-9FB3-C6292CD2BB44}.Ad-Hoc|Any CPU.ActiveCfg = Release|Any CPU
		{893FF4C4-01FB-44EF-9FB3-C6292CD2BB44}.Ad-Hoc|Any CPU.Build.0 = Release|Any CPU
		{893FF4C4-01FB-44EF-9FB3-C6292CD2BB44}.Ad-Hoc|Any CPU.Deploy.0 = Release|Any CPU
		{893FF4C4-01FB-44EF-9FB3-C6292CD2BB44}.Ad-Hoc|ARM.ActiveCfg = Release|Any CPU
		{893FF4C4-01FB-44EF-9FB3-C6292CD2BB44}.Ad-Hoc|ARM.Build.0 = Release|Any CPU
		{893FF4C4-01FB-44EF-9FB3-C6292CD2BB44}.Ad-Hoc|ARM.Deploy.0 = Release|Any CPU
		{893FF4C4-01FB-44EF-9FB3-C6292CD2BB44}.Ad-Hoc|iPhone.ActiveCfg = Release|Any CPU
		{893FF4C4-01FB-44EF-9FB3-C6292CD2BB44}.Ad-Hoc|iPhone.Build.0 = Release|Any CPU
		{893FF4C4-01FB-44EF-9FB3-C6292CD2BB44}.Ad-Hoc|iPhone.Deploy.0 = Release|Any CPU
		{893FF4C4-01FB-44EF-9FB3-C6292CD2BB44}.Ad-Hoc|iPhoneSimulator.ActiveCfg = Release|Any CPU
		{893FF4C4-01FB-44EF-9FB3-C6292CD2BB44}.Ad-Hoc|iPhoneSimulator.Build.0 = Release|Any CPU
		{893FF4C4-01FB-44EF-9FB3-C6292CD2BB44}.Ad-Hoc|iPhoneSimulator.Deploy.0 = Release|Any CPU
		{893FF4C4-01FB-44EF-9FB3-C6292CD2BB44}.Ad-Hoc|x64.ActiveCfg = Release|Any CPU
		{893FF4C4-01FB-44EF-9FB3-C6292CD2BB44}.Ad-Hoc|x64.Build.0 = Release|Any CPU
		{893FF4C4-01FB-44EF-9FB3-C6292CD2BB44}.Ad-Hoc|x64.Deploy.0 = Release|Any CPU
		{893FF4C4-01FB-44EF-9FB3-C6292CD2BB44}.Ad-Hoc|x86.ActiveCfg = Release|Any CPU
		{893FF4C4-01FB-44EF-9FB3-C6292CD2BB44}.Ad-Hoc|x86.Build.0 = Release|Any CPU
		{893FF4C4-01FB-44EF-9FB3-C6292CD2BB44}.Ad-Hoc|x86.Deploy.0 = Release|Any CPU
		{893FF4C4-01FB-44EF-9FB3-C6292CD2BB44}.AppStore|Any CPU.ActiveCfg = Release|Any CPU
		{893FF4C4-01FB-44EF-9FB3-C6292CD2BB44}.AppStore|Any CPU.Build.0 = Release|Any CPU
		{893FF4C4-01FB-44EF-9FB3-C6292CD2BB44}.AppStore|Any CPU.Deploy.0 = Release|Any CPU
		{893FF4C4-01FB-44EF-9FB3-C6292CD2BB44}.AppStore|ARM.ActiveCfg = Release|Any CPU
		{893FF4C4-01FB-44EF-9FB3-C6292CD2BB44}.AppStore|ARM.Build.0 = Release|Any CPU
		{893FF4C4-01FB-44EF-9FB3-C6292CD2BB44}.AppStore|ARM.Deploy.0 = Release|Any CPU
		{893FF4C4-01FB-44EF-9FB3-C6292CD2BB44}.AppStore|iPhone.ActiveCfg = Release|Any CPU
		{893FF4C4-01FB-44EF-9FB3-C6292CD2BB44}.AppStore|iPhone.Build.0 = Release|Any CPU
		{893FF4C4-01FB-44EF-9FB3-C6292CD2BB44}.AppStore|iPhone.Deploy.0 = Release|Any CPU
		{893FF4C4-01FB-44EF-9FB3-C6292CD2BB44}.AppStore|iPhoneSimulator.ActiveCfg = Release|Any CPU
		{893FF4C4-01FB-44EF-9FB3-C6292CD2BB44}.AppStore|iPhoneSimulator.Build.0 = Release|Any CPU
		{893FF4C4-01FB-44EF-9FB3-C6292CD2BB44}.AppStore|iPhoneSimulator.Deploy.0 = Release|Any CPU
		{893FF4C4-01FB-44EF-9FB3-C6292CD2BB44}.AppStore|x64.ActiveCfg = Release|Any CPU
		{893FF4C4-01FB-44EF-9FB3-C6292CD2BB44}.AppStore|x64.Build.0 = Release|Any CPU
		{893FF4C4-01FB-44EF-9FB3-C6292CD2BB44}.AppStore|x64.Deploy.0 = Release|Any CPU
		{893FF4C4-01FB-44EF-9FB3-C6292CD2BB44}.AppStore|x86.ActiveCfg = Release|Any CPU
		{893FF4C4-01FB-44EF-9FB3-C6292CD2BB44}.AppStore|x86.Build.0 = Release|Any CPU
		{893FF4C4-01FB-44EF-9FB3-C6292CD2BB44}.AppStore|x86.Deploy.0 = Release|Any CPU
		{893FF4C4-01FB-44EF-9FB3-C6292CD2BB44}.Debug|Any CPU.ActiveCfg = Debug|Any CPU
		{893FF4C4-01FB-44EF-9FB3-C6292CD2BB44}.Debug|Any CPU.Build.0 = Debug|Any CPU
		{893FF4C4-01FB-44EF-9FB3-C6292CD2BB44}.Debug|Any CPU.Deploy.0 = Debug|Any CPU
		{893FF4C4-01FB-44EF-9FB3-C6292CD2BB44}.Debug|ARM.ActiveCfg = Debug|Any CPU
		{893FF4C4-01FB-44EF-9FB3-C6292CD2BB44}.Debug|ARM.Build.0 = Debug|Any CPU
		{893FF4C4-01FB-44EF-9FB3-C6292CD2BB44}.Debug|ARM.Deploy.0 = Debug|Any CPU
		{893FF4C4-01FB-44EF-9FB3-C6292CD2BB44}.Debug|iPhone.ActiveCfg = Debug|Any CPU
		{893FF4C4-01FB-44EF-9FB3-C6292CD2BB44}.Debug|iPhone.Build.0 = Debug|Any CPU
		{893FF4C4-01FB-44EF-9FB3-C6292CD2BB44}.Debug|iPhone.Deploy.0 = Debug|Any CPU
		{893FF4C4-01FB-44EF-9FB3-C6292CD2BB44}.Debug|iPhoneSimulator.ActiveCfg = Debug|Any CPU
		{893FF4C4-01FB-44EF-9FB3-C6292CD2BB44}.Debug|iPhoneSimulator.Build.0 = Debug|Any CPU
		{893FF4C4-01FB-44EF-9FB3-C6292CD2BB44}.Debug|iPhoneSimulator.Deploy.0 = Debug|Any CPU
		{893FF4C4-01FB-44EF-9FB3-C6292CD2BB44}.Debug|x64.ActiveCfg = Debug|Any CPU
		{893FF4C4-01FB-44EF-9FB3-C6292CD2BB44}.Debug|x64.Build.0 = Debug|Any CPU
		{893FF4C4-01FB-44EF-9FB3-C6292CD2BB44}.Debug|x64.Deploy.0 = Debug|Any CPU
		{893FF4C4-01FB-44EF-9FB3-C6292CD2BB44}.Debug|x86.ActiveCfg = Debug|Any CPU
		{893FF4C4-01FB-44EF-9FB3-C6292CD2BB44}.Debug|x86.Build.0 = Debug|Any CPU
		{893FF4C4-01FB-44EF-9FB3-C6292CD2BB44}.Debug|x86.Deploy.0 = Debug|Any CPU
		{893FF4C4-01FB-44EF-9FB3-C6292CD2BB44}.Release|Any CPU.ActiveCfg = Release|Any CPU
		{893FF4C4-01FB-44EF-9FB3-C6292CD2BB44}.Release|Any CPU.Build.0 = Release|Any CPU
		{893FF4C4-01FB-44EF-9FB3-C6292CD2BB44}.Release|Any CPU.Deploy.0 = Release|Any CPU
		{893FF4C4-01FB-44EF-9FB3-C6292CD2BB44}.Release|ARM.ActiveCfg = Release|Any CPU
		{893FF4C4-01FB-44EF-9FB3-C6292CD2BB44}.Release|ARM.Build.0 = Release|Any CPU
		{893FF4C4-01FB-44EF-9FB3-C6292CD2BB44}.Release|ARM.Deploy.0 = Release|Any CPU
		{893FF4C4-01FB-44EF-9FB3-C6292CD2BB44}.Release|iPhone.ActiveCfg = Release|Any CPU
		{893FF4C4-01FB-44EF-9FB3-C6292CD2BB44}.Release|iPhone.Build.0 = Release|Any CPU
		{893FF4C4-01FB-44EF-9FB3-C6292CD2BB44}.Release|iPhone.Deploy.0 = Release|Any CPU
		{893FF4C4-01FB-44EF-9FB3-C6292CD2BB44}.Release|iPhoneSimulator.ActiveCfg = Release|Any CPU
		{893FF4C4-01FB-44EF-9FB3-C6292CD2BB44}.Release|iPhoneSimulator.Build.0 = Release|Any CPU
		{893FF4C4-01FB-44EF-9FB3-C6292CD2BB44}.Release|iPhoneSimulator.Deploy.0 = Release|Any CPU
		{893FF4C4-01FB-44EF-9FB3-C6292CD2BB44}.Release|x64.ActiveCfg = Release|Any CPU
		{893FF4C4-01FB-44EF-9FB3-C6292CD2BB44}.Release|x64.Build.0 = Release|Any CPU
		{893FF4C4-01FB-44EF-9FB3-C6292CD2BB44}.Release|x64.Deploy.0 = Release|Any CPU
		{893FF4C4-01FB-44EF-9FB3-C6292CD2BB44}.Release|x86.ActiveCfg = Release|Any CPU
		{893FF4C4-01FB-44EF-9FB3-C6292CD2BB44}.Release|x86.Build.0 = Release|Any CPU
		{893FF4C4-01FB-44EF-9FB3-C6292CD2BB44}.Release|x86.Deploy.0 = Release|Any CPU
		{FE589C2B-8B58-4002-B689-96704D6E4AE1}.Ad-Hoc|Any CPU.ActiveCfg = Ad-Hoc|iPhone
		{FE589C2B-8B58-4002-B689-96704D6E4AE1}.Ad-Hoc|ARM.ActiveCfg = Ad-Hoc|iPhone
		{FE589C2B-8B58-4002-B689-96704D6E4AE1}.Ad-Hoc|iPhone.ActiveCfg = Ad-Hoc|iPhone
		{FE589C2B-8B58-4002-B689-96704D6E4AE1}.Ad-Hoc|iPhone.Build.0 = Ad-Hoc|iPhone
		{FE589C2B-8B58-4002-B689-96704D6E4AE1}.Ad-Hoc|iPhoneSimulator.ActiveCfg = Ad-Hoc|iPhoneSimulator
		{FE589C2B-8B58-4002-B689-96704D6E4AE1}.Ad-Hoc|iPhoneSimulator.Build.0 = Ad-Hoc|iPhoneSimulator
		{FE589C2B-8B58-4002-B689-96704D6E4AE1}.Ad-Hoc|x64.ActiveCfg = Ad-Hoc|iPhone
		{FE589C2B-8B58-4002-B689-96704D6E4AE1}.Ad-Hoc|x86.ActiveCfg = Ad-Hoc|iPhone
		{FE589C2B-8B58-4002-B689-96704D6E4AE1}.AppStore|Any CPU.ActiveCfg = AppStore|iPhone
		{FE589C2B-8B58-4002-B689-96704D6E4AE1}.AppStore|ARM.ActiveCfg = AppStore|iPhone
		{FE589C2B-8B58-4002-B689-96704D6E4AE1}.AppStore|iPhone.ActiveCfg = AppStore|iPhone
		{FE589C2B-8B58-4002-B689-96704D6E4AE1}.AppStore|iPhone.Build.0 = AppStore|iPhone
		{FE589C2B-8B58-4002-B689-96704D6E4AE1}.AppStore|iPhoneSimulator.ActiveCfg = AppStore|iPhoneSimulator
		{FE589C2B-8B58-4002-B689-96704D6E4AE1}.AppStore|iPhoneSimulator.Build.0 = AppStore|iPhoneSimulator
		{FE589C2B-8B58-4002-B689-96704D6E4AE1}.AppStore|x64.ActiveCfg = AppStore|iPhone
		{FE589C2B-8B58-4002-B689-96704D6E4AE1}.AppStore|x86.ActiveCfg = AppStore|iPhone
		{FE589C2B-8B58-4002-B689-96704D6E4AE1}.Debug|Any CPU.ActiveCfg = Debug|iPhone
		{FE589C2B-8B58-4002-B689-96704D6E4AE1}.Debug|ARM.ActiveCfg = Debug|iPhone
		{FE589C2B-8B58-4002-B689-96704D6E4AE1}.Debug|iPhone.ActiveCfg = Debug|iPhone
		{FE589C2B-8B58-4002-B689-96704D6E4AE1}.Debug|iPhone.Build.0 = Debug|iPhone
		{FE589C2B-8B58-4002-B689-96704D6E4AE1}.Debug|iPhoneSimulator.ActiveCfg = Debug|iPhoneSimulator
		{FE589C2B-8B58-4002-B689-96704D6E4AE1}.Debug|iPhoneSimulator.Build.0 = Debug|iPhoneSimulator
		{FE589C2B-8B58-4002-B689-96704D6E4AE1}.Debug|x64.ActiveCfg = Debug|iPhone
		{FE589C2B-8B58-4002-B689-96704D6E4AE1}.Debug|x86.ActiveCfg = Debug|iPhone
		{FE589C2B-8B58-4002-B689-96704D6E4AE1}.Release|Any CPU.ActiveCfg = Release|iPhone
		{FE589C2B-8B58-4002-B689-96704D6E4AE1}.Release|ARM.ActiveCfg = Release|iPhone
		{FE589C2B-8B58-4002-B689-96704D6E4AE1}.Release|iPhone.ActiveCfg = Release|iPhone
		{FE589C2B-8B58-4002-B689-96704D6E4AE1}.Release|iPhone.Build.0 = Release|iPhone
		{FE589C2B-8B58-4002-B689-96704D6E4AE1}.Release|iPhoneSimulator.ActiveCfg = Release|iPhoneSimulator
		{FE589C2B-8B58-4002-B689-96704D6E4AE1}.Release|iPhoneSimulator.Build.0 = Release|iPhoneSimulator
		{FE589C2B-8B58-4002-B689-96704D6E4AE1}.Release|x64.ActiveCfg = Release|iPhone
		{FE589C2B-8B58-4002-B689-96704D6E4AE1}.Release|x86.ActiveCfg = Release|iPhone
		{C6C64A0E-C939-408F-87DD-6A72400B7B4C}.Ad-Hoc|Any CPU.ActiveCfg = Release|x86
		{C6C64A0E-C939-408F-87DD-6A72400B7B4C}.Ad-Hoc|Any CPU.Build.0 = Release|x86
		{C6C64A0E-C939-408F-87DD-6A72400B7B4C}.Ad-Hoc|Any CPU.Deploy.0 = Release|x86
		{C6C64A0E-C939-408F-87DD-6A72400B7B4C}.Ad-Hoc|ARM.ActiveCfg = Release|ARM
		{C6C64A0E-C939-408F-87DD-6A72400B7B4C}.Ad-Hoc|ARM.Build.0 = Release|ARM
		{C6C64A0E-C939-408F-87DD-6A72400B7B4C}.Ad-Hoc|ARM.Deploy.0 = Release|ARM
		{C6C64A0E-C939-408F-87DD-6A72400B7B4C}.Ad-Hoc|iPhone.ActiveCfg = Release|x86
		{C6C64A0E-C939-408F-87DD-6A72400B7B4C}.Ad-Hoc|iPhone.Build.0 = Release|x86
		{C6C64A0E-C939-408F-87DD-6A72400B7B4C}.Ad-Hoc|iPhone.Deploy.0 = Release|x86
		{C6C64A0E-C939-408F-87DD-6A72400B7B4C}.Ad-Hoc|iPhoneSimulator.ActiveCfg = Release|x86
		{C6C64A0E-C939-408F-87DD-6A72400B7B4C}.Ad-Hoc|iPhoneSimulator.Build.0 = Release|x86
		{C6C64A0E-C939-408F-87DD-6A72400B7B4C}.Ad-Hoc|iPhoneSimulator.Deploy.0 = Release|x86
		{C6C64A0E-C939-408F-87DD-6A72400B7B4C}.Ad-Hoc|x64.ActiveCfg = Release|x64
		{C6C64A0E-C939-408F-87DD-6A72400B7B4C}.Ad-Hoc|x64.Build.0 = Release|x64
		{C6C64A0E-C939-408F-87DD-6A72400B7B4C}.Ad-Hoc|x64.Deploy.0 = Release|x64
		{C6C64A0E-C939-408F-87DD-6A72400B7B4C}.Ad-Hoc|x86.ActiveCfg = Release|x86
		{C6C64A0E-C939-408F-87DD-6A72400B7B4C}.Ad-Hoc|x86.Build.0 = Release|x86
		{C6C64A0E-C939-408F-87DD-6A72400B7B4C}.Ad-Hoc|x86.Deploy.0 = Release|x86
		{C6C64A0E-C939-408F-87DD-6A72400B7B4C}.AppStore|Any CPU.ActiveCfg = Release|x86
		{C6C64A0E-C939-408F-87DD-6A72400B7B4C}.AppStore|Any CPU.Build.0 = Release|x86
		{C6C64A0E-C939-408F-87DD-6A72400B7B4C}.AppStore|Any CPU.Deploy.0 = Release|x86
		{C6C64A0E-C939-408F-87DD-6A72400B7B4C}.AppStore|ARM.ActiveCfg = Release|ARM
		{C6C64A0E-C939-408F-87DD-6A72400B7B4C}.AppStore|ARM.Build.0 = Release|ARM
		{C6C64A0E-C939-408F-87DD-6A72400B7B4C}.AppStore|ARM.Deploy.0 = Release|ARM
		{C6C64A0E-C939-408F-87DD-6A72400B7B4C}.AppStore|iPhone.ActiveCfg = Release|x86
		{C6C64A0E-C939-408F-87DD-6A72400B7B4C}.AppStore|iPhone.Build.0 = Release|x86
		{C6C64A0E-C939-408F-87DD-6A72400B7B4C}.AppStore|iPhone.Deploy.0 = Release|x86
		{C6C64A0E-C939-408F-87DD-6A72400B7B4C}.AppStore|iPhoneSimulator.ActiveCfg = Release|x86
		{C6C64A0E-C939-408F-87DD-6A72400B7B4C}.AppStore|iPhoneSimulator.Build.0 = Release|x86
		{C6C64A0E-C939-408F-87DD-6A72400B7B4C}.AppStore|iPhoneSimulator.Deploy.0 = Release|x86
		{C6C64A0E-C939-408F-87DD-6A72400B7B4C}.AppStore|x64.ActiveCfg = Release|x64
		{C6C64A0E-C939-408F-87DD-6A72400B7B4C}.AppStore|x64.Build.0 = Release|x64
		{C6C64A0E-C939-408F-87DD-6A72400B7B4C}.AppStore|x64.Deploy.0 = Release|x64
		{C6C64A0E-C939-408F-87DD-6A72400B7B4C}.AppStore|x86.ActiveCfg = Release|x86
		{C6C64A0E-C939-408F-87DD-6A72400B7B4C}.AppStore|x86.Build.0 = Release|x86
		{C6C64A0E-C939-408F-87DD-6A72400B7B4C}.AppStore|x86.Deploy.0 = Release|x86
		{C6C64A0E-C939-408F-87DD-6A72400B7B4C}.Debug|Any CPU.ActiveCfg = Debug|x86
		{C6C64A0E-C939-408F-87DD-6A72400B7B4C}.Debug|ARM.ActiveCfg = Debug|ARM
		{C6C64A0E-C939-408F-87DD-6A72400B7B4C}.Debug|ARM.Build.0 = Debug|ARM
		{C6C64A0E-C939-408F-87DD-6A72400B7B4C}.Debug|ARM.Deploy.0 = Debug|ARM
		{C6C64A0E-C939-408F-87DD-6A72400B7B4C}.Debug|iPhone.ActiveCfg = Debug|x86
		{C6C64A0E-C939-408F-87DD-6A72400B7B4C}.Debug|iPhoneSimulator.ActiveCfg = Debug|x86
		{C6C64A0E-C939-408F-87DD-6A72400B7B4C}.Debug|iPhoneSimulator.Build.0 = Debug|x86
		{C6C64A0E-C939-408F-87DD-6A72400B7B4C}.Debug|iPhoneSimulator.Deploy.0 = Debug|x86
		{C6C64A0E-C939-408F-87DD-6A72400B7B4C}.Debug|x64.ActiveCfg = Debug|x64
		{C6C64A0E-C939-408F-87DD-6A72400B7B4C}.Debug|x64.Build.0 = Debug|x64
		{C6C64A0E-C939-408F-87DD-6A72400B7B4C}.Debug|x64.Deploy.0 = Debug|x64
		{C6C64A0E-C939-408F-87DD-6A72400B7B4C}.Debug|x86.ActiveCfg = Debug|x86
		{C6C64A0E-C939-408F-87DD-6A72400B7B4C}.Debug|x86.Build.0 = Debug|x86
		{C6C64A0E-C939-408F-87DD-6A72400B7B4C}.Debug|x86.Deploy.0 = Debug|x86
		{C6C64A0E-C939-408F-87DD-6A72400B7B4C}.Release|Any CPU.ActiveCfg = Release|x86
		{C6C64A0E-C939-408F-87DD-6A72400B7B4C}.Release|ARM.ActiveCfg = Release|ARM
		{C6C64A0E-C939-408F-87DD-6A72400B7B4C}.Release|ARM.Build.0 = Release|ARM
		{C6C64A0E-C939-408F-87DD-6A72400B7B4C}.Release|ARM.Deploy.0 = Release|ARM
		{C6C64A0E-C939-408F-87DD-6A72400B7B4C}.Release|iPhone.ActiveCfg = Release|x86
		{C6C64A0E-C939-408F-87DD-6A72400B7B4C}.Release|iPhoneSimulator.ActiveCfg = Release|x86
		{C6C64A0E-C939-408F-87DD-6A72400B7B4C}.Release|x64.ActiveCfg = Release|x64
		{C6C64A0E-C939-408F-87DD-6A72400B7B4C}.Release|x64.Build.0 = Release|x64
		{C6C64A0E-C939-408F-87DD-6A72400B7B4C}.Release|x64.Deploy.0 = Release|x64
		{C6C64A0E-C939-408F-87DD-6A72400B7B4C}.Release|x86.ActiveCfg = Release|x86
		{C6C64A0E-C939-408F-87DD-6A72400B7B4C}.Release|x86.Build.0 = Release|x86
		{C6C64A0E-C939-408F-87DD-6A72400B7B4C}.Release|x86.Deploy.0 = Release|x86
		{428DF3EA-61FC-4489-8746-47EAB27C22E9}.Ad-Hoc|Any CPU.ActiveCfg = Release|Any CPU
		{428DF3EA-61FC-4489-8746-47EAB27C22E9}.Ad-Hoc|Any CPU.Build.0 = Release|Any CPU
		{428DF3EA-61FC-4489-8746-47EAB27C22E9}.Ad-Hoc|ARM.ActiveCfg = Release|Any CPU
		{428DF3EA-61FC-4489-8746-47EAB27C22E9}.Ad-Hoc|ARM.Build.0 = Release|Any CPU
		{428DF3EA-61FC-4489-8746-47EAB27C22E9}.Ad-Hoc|iPhone.ActiveCfg = Release|Any CPU
		{428DF3EA-61FC-4489-8746-47EAB27C22E9}.Ad-Hoc|iPhone.Build.0 = Release|Any CPU
		{428DF3EA-61FC-4489-8746-47EAB27C22E9}.Ad-Hoc|iPhoneSimulator.ActiveCfg = Release|Any CPU
		{428DF3EA-61FC-4489-8746-47EAB27C22E9}.Ad-Hoc|iPhoneSimulator.Build.0 = Release|Any CPU
		{428DF3EA-61FC-4489-8746-47EAB27C22E9}.Ad-Hoc|x64.ActiveCfg = Release|Any CPU
		{428DF3EA-61FC-4489-8746-47EAB27C22E9}.Ad-Hoc|x64.Build.0 = Release|Any CPU
		{428DF3EA-61FC-4489-8746-47EAB27C22E9}.Ad-Hoc|x86.ActiveCfg = Release|Any CPU
		{428DF3EA-61FC-4489-8746-47EAB27C22E9}.Ad-Hoc|x86.Build.0 = Release|Any CPU
		{428DF3EA-61FC-4489-8746-47EAB27C22E9}.AppStore|Any CPU.ActiveCfg = Release|Any CPU
		{428DF3EA-61FC-4489-8746-47EAB27C22E9}.AppStore|Any CPU.Build.0 = Release|Any CPU
		{428DF3EA-61FC-4489-8746-47EAB27C22E9}.AppStore|ARM.ActiveCfg = Release|Any CPU
		{428DF3EA-61FC-4489-8746-47EAB27C22E9}.AppStore|ARM.Build.0 = Release|Any CPU
		{428DF3EA-61FC-4489-8746-47EAB27C22E9}.AppStore|iPhone.ActiveCfg = Release|Any CPU
		{428DF3EA-61FC-4489-8746-47EAB27C22E9}.AppStore|iPhone.Build.0 = Release|Any CPU
		{428DF3EA-61FC-4489-8746-47EAB27C22E9}.AppStore|iPhoneSimulator.ActiveCfg = Release|Any CPU
		{428DF3EA-61FC-4489-8746-47EAB27C22E9}.AppStore|iPhoneSimulator.Build.0 = Release|Any CPU
		{428DF3EA-61FC-4489-8746-47EAB27C22E9}.AppStore|x64.ActiveCfg = Release|Any CPU
		{428DF3EA-61FC-4489-8746-47EAB27C22E9}.AppStore|x64.Build.0 = Release|Any CPU
		{428DF3EA-61FC-4489-8746-47EAB27C22E9}.AppStore|x86.ActiveCfg = Release|Any CPU
		{428DF3EA-61FC-4489-8746-47EAB27C22E9}.AppStore|x86.Build.0 = Release|Any CPU
		{428DF3EA-61FC-4489-8746-47EAB27C22E9}.Debug|Any CPU.ActiveCfg = Debug|Any CPU
		{428DF3EA-61FC-4489-8746-47EAB27C22E9}.Debug|Any CPU.Build.0 = Debug|Any CPU
		{428DF3EA-61FC-4489-8746-47EAB27C22E9}.Debug|ARM.ActiveCfg = Debug|Any CPU
		{428DF3EA-61FC-4489-8746-47EAB27C22E9}.Debug|ARM.Build.0 = Debug|Any CPU
		{428DF3EA-61FC-4489-8746-47EAB27C22E9}.Debug|iPhone.ActiveCfg = Debug|Any CPU
		{428DF3EA-61FC-4489-8746-47EAB27C22E9}.Debug|iPhone.Build.0 = Debug|Any CPU
		{428DF3EA-61FC-4489-8746-47EAB27C22E9}.Debug|iPhoneSimulator.ActiveCfg = Debug|Any CPU
		{428DF3EA-61FC-4489-8746-47EAB27C22E9}.Debug|iPhoneSimulator.Build.0 = Debug|Any CPU
		{428DF3EA-61FC-4489-8746-47EAB27C22E9}.Debug|x64.ActiveCfg = Debug|Any CPU
		{428DF3EA-61FC-4489-8746-47EAB27C22E9}.Debug|x64.Build.0 = Debug|Any CPU
		{428DF3EA-61FC-4489-8746-47EAB27C22E9}.Debug|x86.ActiveCfg = Debug|Any CPU
		{428DF3EA-61FC-4489-8746-47EAB27C22E9}.Debug|x86.Build.0 = Debug|Any CPU
		{428DF3EA-61FC-4489-8746-47EAB27C22E9}.Release|Any CPU.ActiveCfg = Release|Any CPU
		{428DF3EA-61FC-4489-8746-47EAB27C22E9}.Release|Any CPU.Build.0 = Release|Any CPU
		{428DF3EA-61FC-4489-8746-47EAB27C22E9}.Release|ARM.ActiveCfg = Release|Any CPU
		{428DF3EA-61FC-4489-8746-47EAB27C22E9}.Release|ARM.Build.0 = Release|Any CPU
		{428DF3EA-61FC-4489-8746-47EAB27C22E9}.Release|iPhone.ActiveCfg = Release|Any CPU
		{428DF3EA-61FC-4489-8746-47EAB27C22E9}.Release|iPhone.Build.0 = Release|Any CPU
		{428DF3EA-61FC-4489-8746-47EAB27C22E9}.Release|iPhoneSimulator.ActiveCfg = Release|Any CPU
		{428DF3EA-61FC-4489-8746-47EAB27C22E9}.Release|iPhoneSimulator.Build.0 = Release|Any CPU
		{428DF3EA-61FC-4489-8746-47EAB27C22E9}.Release|x64.ActiveCfg = Release|Any CPU
		{428DF3EA-61FC-4489-8746-47EAB27C22E9}.Release|x64.Build.0 = Release|Any CPU
		{428DF3EA-61FC-4489-8746-47EAB27C22E9}.Release|x86.ActiveCfg = Release|Any CPU
		{428DF3EA-61FC-4489-8746-47EAB27C22E9}.Release|x86.Build.0 = Release|Any CPU
	EndGlobalSection
	GlobalSection(SolutionProperties) = preSolution
		HideSolutionNode = FALSE
	EndGlobalSection
EndGlobal
